// !$*UTF8*$!
{
	archiveVersion = 1;
	classes = {
	};
	objectVersion = 46;
	objects = {

/* Begin PBXBuildFile section */
		34B56FD91BF75D79007BEA05 /* main.m in Sources */ = {isa = PBXBuildFile; fileRef = 34B56FD81BF75D79007BEA05 /* main.m */; };
		34B56FDC1BF75D79007BEA05 /* AppDelegate.m in Sources */ = {isa = PBXBuildFile; fileRef = 34B56FDB1BF75D79007BEA05 /* AppDelegate.m */; };
		34B56FDE1BF75D79007BEA05 /* Assets.xcassets in Resources */ = {isa = PBXBuildFile; fileRef = 34B56FDD1BF75D79007BEA05 /* Assets.xcassets */; };
		34B56FE11BF75D79007BEA05 /* LaunchScreen.storyboard in Resources */ = {isa = PBXBuildFile; fileRef = 34B56FDF1BF75D79007BEA05 /* LaunchScreen.storyboard */; };
		34B56FEA1BF75DE6007BEA05 /* AlertViewController.m in Sources */ = {isa = PBXBuildFile; fileRef = 34B56FE91BF75DE6007BEA05 /* AlertViewController.m */; settings = {ASSET_TAGS = (); }; };
/* End PBXBuildFile section */

/* Begin PBXFileReference section */
		34B56FD41BF75D79007BEA05 /* UIAlertControl.app */ = {isa = PBXFileReference; explicitFileType = wrapper.application; includeInIndex = 0; path = UIAlertControl.app; sourceTree = BUILT_PRODUCTS_DIR; };
		34B56FD81BF75D79007BEA05 /* main.m */ = {isa = PBXFileReference; lastKnownFileType = sourcecode.c.objc; path = main.m; sourceTree = "<group>"; };
		34B56FDA1BF75D79007BEA05 /* AppDelegate.h */ = {isa = PBXFileReference; lastKnownFileType = sourcecode.c.h; path = AppDelegate.h; sourceTree = "<group>"; };
		34B56FDB1BF75D79007BEA05 /* AppDelegate.m */ = {isa = PBXFileReference; lastKnownFileType = sourcecode.c.objc; path = AppDelegate.m; sourceTree = "<group>"; };
		34B56FDD1BF75D79007BEA05 /* Assets.xcassets */ = {isa = PBXFileReference; lastKnownFileType = folder.assetcatalog; path = Assets.xcassets; sourceTree = "<group>"; };
		34B56FE01BF75D79007BEA05 /* Base */ = {isa = PBXFileReference; lastKnownFileType = file.storyboard; name = Base; path = Base.lproj/LaunchScreen.storyboard; sourceTree = "<group>"; };
		34B56FE21BF75D79007BEA05 /* Info.plist */ = {isa = PBXFileReference; lastKnownFileType = text.plist.xml; path = Info.plist; sourceTree = "<group>"; };
		34B56FE81BF75DE6007BEA05 /* AlertViewController.h */ = {isa = PBXFileReference; fileEncoding = 4; lastKnownFileType = sourcecode.c.h; path = AlertViewController.h; sourceTree = "<group>"; };
		34B56FE91BF75DE6007BEA05 /* AlertViewController.m */ = {isa = PBXFileReference; fileEncoding = 4; lastKnownFileType = sourcecode.c.objc; path = AlertViewController.m; sourceTree = "<group>"; };
/* End PBXFileReference section */

/* Begin PBXFrameworksBuildPhase section */
		34B56FD11BF75D79007BEA05 /* Frameworks */ = {
			isa = PBXFrameworksBuildPhase;
			buildActionMask = 2147483647;
			files = (
			);
			runOnlyForDeploymentPostprocessing = 0;
		};
/* End PBXFrameworksBuildPhase section */

/* Begin PBXGroup section */
		34B56FCB1BF75D79007BEA05 = {
			isa = PBXGroup;
			children = (
				34B56FD61BF75D79007BEA05 /* UIAlertControl */,
				34B56FD51BF75D79007BEA05 /* Products */,
			);
			sourceTree = "<group>";
		};
		34B56FD51BF75D79007BEA05 /* Products */ = {
			isa = PBXGroup;
			children = (
				34B56FD41BF75D79007BEA05 /* UIAlertControl.app */,
			);
			name = Products;
			sourceTree = "<group>";
		};
		34B56FD61BF75D79007BEA05 /* UIAlertControl */ = {
			isa = PBXGroup;
			children = (
				34B56FDA1BF75D79007BEA05 /* AppDelegate.h */,
				34B56FDB1BF75D79007BEA05 /* AppDelegate.m */,
				34B56FE81BF75DE6007BEA05 /* AlertViewController.h */,
				34B56FE91BF75DE6007BEA05 /* AlertViewController.m */,
				34B56FDD1BF75D79007BEA05 /* Assets.xcassets */,
				34B56FDF1BF75D79007BEA05 /* LaunchScreen.storyboard */,
				34B56FE21BF75D79007BEA05 /* Info.plist */,
				34B56FD71BF75D79007BEA05 /* Supporting Files */,
			);
			path = UIAlertControl;
			sourceTree = "<group>";
		};
		34B56FD71BF75D79007BEA05 /* Supporting Files */ = {
			isa = PBXGroup;
			children = (
				34B56FD81BF75D79007BEA05 /* main.m */,
			);
			name = "Supporting Files";
			sourceTree = "<group>";
		};
/* End PBXGroup section */

/* Begin PBXNativeTarget section */
		34B56FD31BF75D79007BEA05 /* UIAlertControl */ = {
			isa = PBXNativeTarget;
			buildConfigurationList = 34B56FE51BF75D79007BEA05 /* Build configuration list for PBXNativeTarget "UIAlertControl" */;
			buildPhases = (
				34B56FD01BF75D79007BEA05 /* Sources */,
				34B56FD11BF75D79007BEA05 /* Frameworks */,
				34B56FD21BF75D79007BEA05 /* Resources */,
			);
			buildRules = (
			);
			dependencies = (
			);
			name = UIAlertControl;
			productName = UIAlertControl;
			productReference = 34B56FD41BF75D79007BEA05 /* UIAlertControl.app */;
			productType = "com.apple.product-type.application";
		};
/* End PBXNativeTarget section */

/* Begin PBXProject section */
		34B56FCC1BF75D79007BEA05 /* Project object */ = {
			isa = PBXProject;
			attributes = {
				LastUpgradeCheck = 0700;
				ORGANIZATIONNAME = "田猛";
				TargetAttributes = {
					34B56FD31BF75D79007BEA05 = {
						CreatedOnToolsVersion = 7.0;
					};
				};
			};
			buildConfigurationList = 34B56FCF1BF75D79007BEA05 /* Build configuration list for PBXProject "UIAlertControl" */;
			compatibilityVersion = "Xcode 3.2";
			developmentRegion = English;
			hasScannedForEncodings = 0;
			knownRegions = (
				en,
				Base,
			);
			mainGroup = 34B56FCB1BF75D79007BEA05;
			productRefGroup = 34B56FD51BF75D79007BEA05 /* Products */;
			projectDirPath = "";
			projectRoot = "";
			targets = (
				34B56FD31BF75D79007BEA05 /* UIAlertControl */,
			);
		};
/* End PBXProject section */

/* Begin PBXResourcesBuildPhase section */
		34B56FD21BF75D79007BEA05 /* Resources */ = {
			isa = PBXResourcesBuildPhase;
			buildActionMask = 2147483647;
			files = (
				34B56FDE1BF75D79007BEA05 /* Assets.xcassets in Resources */,
				34B56FE11BF75D79007BEA05 /* LaunchScreen.storyboard in Resources */,
			);
			runOnlyForDeploymentPostprocessing = 0;
		};
/* End PBXResourcesBuildPhase section */

/* Begin PBXSourcesBuildPhase section */
		34B56FD01BF75D79007BEA05 /* Sources */ = {
			isa = PBXSourcesBuildPhase;
			buildActionMask = 2147483647;
			files = (
				34B56FDC1BF75D79007BEA05 /* AppDelegate.m in Sources */,
				34B56FD91BF75D79007BEA05 /* main.m in Sources */,
				34B56FEA1BF75DE6007BEA05 /* AlertViewController.m in Sources */,
			);
			runOnlyForDeploymentPostprocessing = 0;
		};
/* End PBXSourcesBuildPhase section */

/* Begin PBXVariantGroup section */
		34B56FDF1BF75D79007BEA05 /* LaunchScreen.storyboard */ = {
			isa = PBXVariantGroup;
			children = (
				34B56FE01BF75D79007BEA05 /* Base */,
			);
			name = LaunchScreen.storyboard;
			sourceTree = "<group>";
		};
/* End PBXVariantGroup section */

/* Begin XCBuildConfiguration section */
		34B56FE31BF75D79007BEA05 /* Debug */ = {
			isa = XCBuildConfiguration;
			buildSettings = {
				ALWAYS_SEARCH_USER_PATHS = NO;
				CLANG_CXX_LANGUAGE_STANDARD = "gnu++0x";
				CLANG_CXX_LIBRARY = "libc++";
				CLANG_ENABLE_MODULES = YES;
				CLANG_ENABLE_OBJC_ARC = YES;
				CLANG_WARN_BOOL_CONVERSION = YES;
				CLANG_WARN_CONSTANT_CONVERSION = YES;
				CLANG_WARN_DIRECT_OBJC_ISA_USAGE = YES_ERROR;
				CLANG_WARN_EMPTY_BODY = YES;
				CLANG_WARN_ENUM_CONVERSION = YES;
				CLANG_WARN_INT_CONVERSION = YES;
				CLANG_WARN_OBJC_ROOT_CLASS = YES_ERROR;
				CLANG_WARN_UNREACHABLE_CODE = YES;
				CLANG_WARN__DUPLICATE_METHOD_MATCH = YES;
				"CODE_SIGN_IDENTITY[sdk=iphoneos*]" = "iPhone Developer";
				COPY_PHASE_STRIP = NO;
				DEBUG_INFORMATION_FORMAT = dwarf;
				ENABLE_STRICT_OBJC_MSGSEND = YES;
				ENABLE_TESTABILITY = YES;
				GCC_C_LANGUAGE_STANDARD = gnu99;
				GCC_DYNAMIC_NO_PIC = NO;
				GCC_NO_COMMON_BLOCKS = YES;
				GCC_OPTIMIZATION_LEVEL = 0;
				GCC_PREPROCESSOR_DEFINITIONS = (
					"DEBUG=1",
					"$(inherited)",
				);
				GCC_WARN_64_TO_32_BIT_CONVERSION = YES;
				GCC_WARN_ABOUT_RETURN_TYPE = YES_ERROR;
				GCC_WARN_UNDECLARED_SELECTOR = YES;
				GCC_WARN_UNINITIALIZED_AUTOS = YES_AGGRESSIVE;
				GCC_WARN_UNUSED_FUNCTION = YES;
				GCC_WARN_UNUSED_VARIABLE = YES;
				IPHONEOS_DEPLOYMENT_TARGET = 9.0;
				MTL_ENABLE_DEBUG_INFO = YES;
				ONLY_ACTIVE_ARCH = YES;
				SDKROOT = iphoneos;
			};
			name = Debug;
		};
		34B56FE41BF75D79007BEA05 /* Release */ = {
			isa = XCBuildConfiguration;
			buildSettings = {
				ALWAYS_SEARCH_USER_PATHS = NO;
				CLANG_CXX_LANGUAGE_STANDARD = "gnu++0x";
				CLANG_CXX_LIBRARY = "libc++";
				CLANG_ENABLE_MODULES = YES;
				CLANG_ENABLE_OBJC_ARC = YES;
				CLANG_WARN_BOOL_CONVERSION = YES;
				CLANG_WARN_CONSTANT_CONVERSION = YES;
				CLANG_WARN_DIRECT_OBJC_ISA_USAGE = YES_ERROR;
				CLANG_WARN_EMPTY_BODY = YES;
				CLANG_WARN_ENUM_CONVERSION = YES;
				CLANG_WARN_INT_CONVERSION = YES;
				CLANG_WARN_OBJC_ROOT_CLASS = YES_ERROR;
				CLANG_WARN_UNREACHABLE_CODE = YES;
				CLANG_WARN__DUPLICATE_METHOD_MATCH = YES;
				"CODE_SIGN_IDENTITY[sdk=iphoneos*]" = "iPhone Developer";
				COPY_PHASE_STRIP = NO;
				DEBUG_INFORMATION_FORMAT = "dwarf-with-dsym";
				ENABLE_NS_ASSERTIONS = NO;
				ENABLE_STRICT_OBJC_MSGSEND = YES;
				GCC_C_LANGUAGE_STANDARD = gnu99;
				GCC_NO_COMMON_BLOCKS = YES;
				GCC_WARN_64_TO_32_BIT_CONVERSION = YES;
				GCC_WARN_ABOUT_RETURN_TYPE = YES_ERROR;
				GCC_WARN_UNDECLARED_SELECTOR = YES;
				GCC_WARN_UNINITIALIZED_AUTOS = YES_AGGRESSIVE;
				GCC_WARN_UNUSED_FUNCTION = YES;
				GCC_WARN_UNUSED_VARIABLE = YES;
				IPHONEOS_DEPLOYMENT_TARGET = 9.0;
				MTL_ENABLE_DEBUG_INFO = NO;
				SDKROOT = iphoneos;
				VALIDATE_PRODUCT = YES;
			};
			name = Release;
		};
		34B56FE61BF75D79007BEA05 /* Debug */ = {
			isa = XCBuildConfiguration;
			buildSettings = {
				ASSETCATALOG_COMPILER_APPICON_NAME = AppIcon;
				CLANG_ENABLE_OBJC_ARC = NO;
				INFOPLIST_FILE = UIAlertControl/Info.plist;
				LD_RUNPATH_SEARCH_PATHS = "$(inherited) @executable_path/Frameworks";
				PRODUCT_BUNDLE_IDENTIFIER = com.lanou.UIAlertControl;
				PRODUCT_NAME = "$(TARGET_NAME)";
			};
			name = Debug;
		};
		34B56FE71BF75D79007BEA05 /* Release */ = {
			isa = XCBuildConfiguration;
			buildSettings = {
				ASSETCATALOG_COMPILER_APPICON_NAME = AppIcon;
				CLANG_ENABLE_OBJC_ARC = NO;
				INFOPLIST_FILE = UIAlertControl/Info.plist;
				LD_RUNPATH_SEARCH_PATHS = "$(inherited) @executable_path/Frameworks";
				PRODUCT_BUNDLE_IDENTIFIER = com.lanou.UIAlertControl;
				PRODUCT_NAME = "$(TARGET_NAME)";
			};
			name = Release;
		};
/* End XCBuildConfiguration section */

/* Begin XCConfigurationList section */
		34B56FCF1BF75D79007BEA05 /* Build configuration list for PBXProject "UIAlertControl" */ = {
			isa = XCConfigurationList;
			buildConfigurations = (
				34B56FE31BF75D79007BEA05 /* Debug */,
				34B56FE41BF75D79007BEA05 /* Release */,
			);
			defaultConfigurationIsVisible = 0;
			defaultConfigurationName = Release;
		};
		34B56FE51BF75D79007BEA05 /* Build configuration list for PBXNativeTarget "UIAlertControl" */ = {
			isa = XCConfigurationList;
			buildConfigurations = (
				34B56FE61BF75D79007BEA05 /* Debug */,
				34B56FE71BF75D79007BEA05 /* Release */,
			);
			defaultConfigurationIsVisible = 0;
		};
/* End XCConfigurationList section */
	};
	rootObject = 34B56FCC1BF75D79007BEA05 /* Project object */;
}
