// !$*UTF8*$!
{
	archiveVersion = 1;
	classes = {
	};
	objectVersion = 46;
	objects = {

/* Begin PBXBuildFile section */
		346CB0071BEC9497001F8F56 /* main.m in Sources */ = {isa = PBXBuildFile; fileRef = 346CB0061BEC9497001F8F56 /* main.m */; };
		346CB00A1BEC9497001F8F56 /* AppDelegate.m in Sources */ = {isa = PBXBuildFile; fileRef = 346CB0091BEC9497001F8F56 /* AppDelegate.m */; };
		346CB00C1BEC9497001F8F56 /* Images.xcassets in Resources */ = {isa = PBXBuildFile; fileRef = 346CB00B1BEC9497001F8F56 /* Images.xcassets */; };
		346CB00F1BEC9497001F8F56 /* LaunchScreen.xib in Resources */ = {isa = PBXBuildFile; fileRef = 346CB00D1BEC9497001F8F56 /* LaunchScreen.xib */; };
		346CB01B1BEC9497001F8F56 /* LessonUIGestureRecognizerTests.m in Sources */ = {isa = PBXBuildFile; fileRef = 346CB01A1BEC9497001F8F56 /* LessonUIGestureRecognizerTests.m */; };
		346CB0261BEC94DB001F8F56 /* RootViewController.m in Sources */ = {isa = PBXBuildFile; fileRef = 346CB0251BEC94DB001F8F56 /* RootViewController.m */; };
		346CB0291BEC9887001F8F56 /* UIColor+RandomColor.m in Sources */ = {isa = PBXBuildFile; fileRef = 346CB0281BEC9887001F8F56 /* UIColor+RandomColor.m */; };
		346CB02A1BEC9887001F8F56 /* UIColor+RandomColor.m in Sources */ = {isa = PBXBuildFile; fileRef = 346CB0281BEC9887001F8F56 /* UIColor+RandomColor.m */; };
/* End PBXBuildFile section */

/* Begin PBXContainerItemProxy section */
		346CB0151BEC9497001F8F56 /* PBXContainerItemProxy */ = {
			isa = PBXContainerItemProxy;
			containerPortal = 346CAFF91BEC9497001F8F56 /* Project object */;
			proxyType = 1;
			remoteGlobalIDString = 346CB0001BEC9497001F8F56;
			remoteInfo = LessonUIGestureRecognizer;
		};
/* End PBXContainerItemProxy section */

/* Begin PBXFileReference section */
		346CB0011BEC9497001F8F56 /* LessonUIGestureRecognizer.app */ = {isa = PBXFileReference; explicitFileType = wrapper.application; includeInIndex = 0; path = LessonUIGestureRecognizer.app; sourceTree = BUILT_PRODUCTS_DIR; };
		346CB0051BEC9497001F8F56 /* Info.plist */ = {isa = PBXFileReference; lastKnownFileType = text.plist.xml; path = Info.plist; sourceTree = "<group>"; };
		346CB0061BEC9497001F8F56 /* main.m */ = {isa = PBXFileReference; lastKnownFileType = sourcecode.c.objc; path = main.m; sourceTree = "<group>"; };
		346CB0081BEC9497001F8F56 /* AppDelegate.h */ = {isa = PBXFileReference; lastKnownFileType = sourcecode.c.h; path = AppDelegate.h; sourceTree = "<group>"; };
		346CB0091BEC9497001F8F56 /* AppDelegate.m */ = {isa = PBXFileReference; lastKnownFileType = sourcecode.c.objc; path = AppDelegate.m; sourceTree = "<group>"; };
		346CB00B1BEC9497001F8F56 /* Images.xcassets */ = {isa = PBXFileReference; lastKnownFileType = folder.assetcatalog; path = Images.xcassets; sourceTree = "<group>"; };
		346CB00E1BEC9497001F8F56 /* Base */ = {isa = PBXFileReference; lastKnownFileType = file.xib; name = Base; path = Base.lproj/LaunchScreen.xib; sourceTree = "<group>"; };
		346CB0141BEC9497001F8F56 /* LessonUIGestureRecognizerTests.xctest */ = {isa = PBXFileReference; explicitFileType = wrapper.cfbundle; includeInIndex = 0; path = LessonUIGestureRecognizerTests.xctest; sourceTree = BUILT_PRODUCTS_DIR; };
		346CB0191BEC9497001F8F56 /* Info.plist */ = {isa = PBXFileReference; lastKnownFileType = text.plist.xml; path = Info.plist; sourceTree = "<group>"; };
		346CB01A1BEC9497001F8F56 /* LessonUIGestureRecognizerTests.m */ = {isa = PBXFileReference; lastKnownFileType = sourcecode.c.objc; path = LessonUIGestureRecognizerTests.m; sourceTree = "<group>"; };
		346CB0241BEC94DB001F8F56 /* RootViewController.h */ = {isa = PBXFileReference; fileEncoding = 4; lastKnownFileType = sourcecode.c.h; path = RootViewController.h; sourceTree = "<group>"; };
		346CB0251BEC94DB001F8F56 /* RootViewController.m */ = {isa = PBXFileReference; fileEncoding = 4; lastKnownFileType = sourcecode.c.objc; path = RootViewController.m; sourceTree = "<group>"; };
		346CB0271BEC9872001F8F56 /* UIColor+RandomColor.h */ = {isa = PBXFileReference; fileEncoding = 4; lastKnownFileType = sourcecode.c.h; path = "UIColor+RandomColor.h"; sourceTree = "<group>"; };
		346CB0281BEC9887001F8F56 /* UIColor+RandomColor.m */ = {isa = PBXFileReference; fileEncoding = 4; lastKnownFileType = sourcecode.c.objc; path = "UIColor+RandomColor.m"; sourceTree = "<group>"; };
/* End PBXFileReference section */

/* Begin PBXFrameworksBuildPhase section */
		346CAFFE1BEC9497001F8F56 /* Frameworks */ = {
			isa = PBXFrameworksBuildPhase;
			buildActionMask = 2147483647;
			files = (
			);
			runOnlyForDeploymentPostprocessing = 0;
		};
		346CB0111BEC9497001F8F56 /* Frameworks */ = {
			isa = PBXFrameworksBuildPhase;
			buildActionMask = 2147483647;
			files = (
			);
			runOnlyForDeploymentPostprocessing = 0;
		};
/* End PBXFrameworksBuildPhase section */

/* Begin PBXGroup section */
		346CAFF81BEC9497001F8F56 = {
			isa = PBXGroup;
			children = (
				346CB0031BEC9497001F8F56 /* LessonUIGestureRecognizer */,
				346CB0171BEC9497001F8F56 /* LessonUIGestureRecognizerTests */,
				346CB0021BEC9497001F8F56 /* Products */,
			);
			sourceTree = "<group>";
		};
		346CB0021BEC9497001F8F56 /* Products */ = {
			isa = PBXGroup;
			children = (
				346CB0011BEC9497001F8F56 /* LessonUIGestureRecognizer.app */,
				346CB0141BEC9497001F8F56 /* LessonUIGestureRecognizerTests.xctest */,
			);
			name = Products;
			sourceTree = "<group>";
		};
		346CB0031BEC9497001F8F56 /* LessonUIGestureRecognizer */ = {
			isa = PBXGroup;
			children = (
				346CB0081BEC9497001F8F56 /* AppDelegate.h */,
				346CB0091BEC9497001F8F56 /* AppDelegate.m */,
				346CB0241BEC94DB001F8F56 /* RootViewController.h */,
				346CB0251BEC94DB001F8F56 /* RootViewController.m */,
				346CB0271BEC9872001F8F56 /* UIColor+RandomColor.h */,
				346CB0281BEC9887001F8F56 /* UIColor+RandomColor.m */,
				346CB00B1BEC9497001F8F56 /* Images.xcassets */,
				346CB00D1BEC9497001F8F56 /* LaunchScreen.xib */,
				346CB0041BEC9497001F8F56 /* Supporting Files */,
			);
			path = LessonUIGestureRecognizer;
			sourceTree = "<group>";
		};
		346CB0041BEC9497001F8F56 /* Supporting Files */ = {
			isa = PBXGroup;
			children = (
				346CB0051BEC9497001F8F56 /* Info.plist */,
				346CB0061BEC9497001F8F56 /* main.m */,
			);
			name = "Supporting Files";
			sourceTree = "<group>";
		};
		346CB0171BEC9497001F8F56 /* LessonUIGestureRecognizerTests */ = {
			isa = PBXGroup;
			children = (
				346CB01A1BEC9497001F8F56 /* LessonUIGestureRecognizerTests.m */,
				346CB0181BEC9497001F8F56 /* Supporting Files */,
			);
			path = LessonUIGestureRecognizerTests;
			sourceTree = "<group>";
		};
		346CB0181BEC9497001F8F56 /* Supporting Files */ = {
			isa = PBXGroup;
			children = (
				346CB0191BEC9497001F8F56 /* Info.plist */,
			);
			name = "Supporting Files";
			sourceTree = "<group>";
		};
/* End PBXGroup section */

/* Begin PBXNativeTarget section */
		346CB0001BEC9497001F8F56 /* LessonUIGestureRecognizer */ = {
			isa = PBXNativeTarget;
			buildConfigurationList = 346CB01E1BEC9497001F8F56 /* Build configuration list for PBXNativeTarget "LessonUIGestureRecognizer" */;
			buildPhases = (
				346CAFFD1BEC9497001F8F56 /* Sources */,
				346CAFFE1BEC9497001F8F56 /* Frameworks */,
				346CAFFF1BEC9497001F8F56 /* Resources */,
			);
			buildRules = (
			);
			dependencies = (
			);
			name = LessonUIGestureRecognizer;
			productName = LessonUIGestureRecognizer;
			productReference = 346CB0011BEC9497001F8F56 /* LessonUIGestureRecognizer.app */;
			productType = "com.apple.product-type.application";
		};
		346CB0131BEC9497001F8F56 /* LessonUIGestureRecognizerTests */ = {
			isa = PBXNativeTarget;
			buildConfigurationList = 346CB0211BEC9497001F8F56 /* Build configuration list for PBXNativeTarget "LessonUIGestureRecognizerTests" */;
			buildPhases = (
				346CB0101BEC9497001F8F56 /* Sources */,
				346CB0111BEC9497001F8F56 /* Frameworks */,
				346CB0121BEC9497001F8F56 /* Resources */,
			);
			buildRules = (
			);
			dependencies = (
				346CB0161BEC9497001F8F56 /* PBXTargetDependency */,
			);
			name = LessonUIGestureRecognizerTests;
			productName = LessonUIGestureRecognizerTests;
			productReference = 346CB0141BEC9497001F8F56 /* LessonUIGestureRecognizerTests.xctest */;
			productType = "com.apple.product-type.bundle.unit-test";
		};
/* End PBXNativeTarget section */

/* Begin PBXProject section */
		346CAFF91BEC9497001F8F56 /* Project object */ = {
			isa = PBXProject;
			attributes = {
				LastUpgradeCheck = 0640;
				ORGANIZATIONNAME = lanouhn;
				TargetAttributes = {
					346CB0001BEC9497001F8F56 = {
						CreatedOnToolsVersion = 6.4;
					};
					346CB0131BEC9497001F8F56 = {
						CreatedOnToolsVersion = 6.4;
						TestTargetID = 346CB0001BEC9497001F8F56;
					};
				};
			};
			buildConfigurationList = 346CAFFC1BEC9497001F8F56 /* Build configuration list for PBXProject "LessonUIGestureRecognizer" */;
			compatibilityVersion = "Xcode 3.2";
			developmentRegion = English;
			hasScannedForEncodings = 0;
			knownRegions = (
				en,
				Base,
			);
			mainGroup = 346CAFF81BEC9497001F8F56;
			productRefGroup = 346CB0021BEC9497001F8F56 /* Products */;
			projectDirPath = "";
			projectRoot = "";
			targets = (
				346CB0001BEC9497001F8F56 /* LessonUIGestureRecognizer */,
				346CB0131BEC9497001F8F56 /* LessonUIGestureRecognizerTests */,
			);
		};
/* End PBXProject section */

/* Begin PBXResourcesBuildPhase section */
		346CAFFF1BEC9497001F8F56 /* Resources */ = {
			isa = PBXResourcesBuildPhase;
			buildActionMask = 2147483647;
			files = (
				346CB00F1BEC9497001F8F56 /* LaunchScreen.xib in Resources */,
				346CB00C1BEC9497001F8F56 /* Images.xcassets in Resources */,
			);
			runOnlyForDeploymentPostprocessing = 0;
		};
		346CB0121BEC9497001F8F56 /* Resources */ = {
			isa = PBXResourcesBuildPhase;
			buildActionMask = 2147483647;
			files = (
			);
			runOnlyForDeploymentPostprocessing = 0;
		};
/* End PBXResourcesBuildPhase section */

/* Begin PBXSourcesBuildPhase section */
		346CAFFD1BEC9497001F8F56 /* Sources */ = {
			isa = PBXSourcesBuildPhase;
			buildActionMask = 2147483647;
			files = (
				346CB0291BEC9887001F8F56 /* UIColor+RandomColor.m in Sources */,
				346CB00A1BEC9497001F8F56 /* AppDelegate.m in Sources */,
				346CB0071BEC9497001F8F56 /* main.m in Sources */,
				346CB0261BEC94DB001F8F56 /* RootViewController.m in Sources */,
			);
			runOnlyForDeploymentPostprocessing = 0;
		};
		346CB0101BEC9497001F8F56 /* Sources */ = {
			isa = PBXSourcesBuildPhase;
			buildActionMask = 2147483647;
			files = (
				346CB02A1BEC9887001F8F56 /* UIColor+RandomColor.m in Sources */,
				346CB01B1BEC9497001F8F56 /* LessonUIGestureRecognizerTests.m in Sources */,
			);
			runOnlyForDeploymentPostprocessing = 0;
		};
/* End PBXSourcesBuildPhase section */

/* Begin PBXTargetDependency section */
		346CB0161BEC9497001F8F56 /* PBXTargetDependency */ = {
			isa = PBXTargetDependency;
			target = 346CB0001BEC9497001F8F56 /* LessonUIGestureRecognizer */;
			targetProxy = 346CB0151BEC9497001F8F56 /* PBXContainerItemProxy */;
		};
/* End PBXTargetDependency section */

/* Begin PBXVariantGroup section */
		346CB00D1BEC9497001F8F56 /* LaunchScreen.xib */ = {
			isa = PBXVariantGroup;
			children = (
				346CB00E1BEC9497001F8F56 /* Base */,
			);
			name = LaunchScreen.xib;
			sourceTree = "<group>";
		};
/* End PBXVariantGroup section */

/* Begin XCBuildConfiguration section */
		346CB01C1BEC9497001F8F56 /* Debug */ = {
			isa = XCBuildConfiguration;
			buildSettings = {
				ALWAYS_SEARCH_USER_PATHS = NO;
				CLANG_CXX_LANGUAGE_STANDARD = "gnu++0x";
				CLANG_CXX_LIBRARY = "libc++";
				CLANG_ENABLE_MODULES = YES;
				CLANG_ENABLE_OBJC_ARC = YES;
				CLANG_WARN_BOOL_CONVERSION = YES;
				CLANG_WARN_CONSTANT_CONVERSION = YES;
				CLANG_WARN_DIRECT_OBJC_ISA_USAGE = YES_ERROR;
				CLANG_WARN_EMPTY_BODY = YES;
				CLANG_WARN_ENUM_CONVERSION = YES;
				CLANG_WARN_INT_CONVERSION = YES;
				CLANG_WARN_OBJC_ROOT_CLASS = YES_ERROR;
				CLANG_WARN_UNREACHABLE_CODE = YES;
				CLANG_WARN__DUPLICATE_METHOD_MATCH = YES;
				"CODE_SIGN_IDENTITY[sdk=iphoneos*]" = "iPhone Developer";
				COPY_PHASE_STRIP = NO;
				DEBUG_INFORMATION_FORMAT = "dwarf-with-dsym";
				ENABLE_STRICT_OBJC_MSGSEND = YES;
				GCC_C_LANGUAGE_STANDARD = gnu99;
				GCC_DYNAMIC_NO_PIC = NO;
				GCC_NO_COMMON_BLOCKS = YES;
				GCC_OPTIMIZATION_LEVEL = 0;
				GCC_PREPROCESSOR_DEFINITIONS = (
					"DEBUG=1",
					"$(inherited)",
				);
				GCC_SYMBOLS_PRIVATE_EXTERN = NO;
				GCC_WARN_64_TO_32_BIT_CONVERSION = YES;
				GCC_WARN_ABOUT_RETURN_TYPE = YES_ERROR;
				GCC_WARN_UNDECLARED_SELECTOR = YES;
				GCC_WARN_UNINITIALIZED_AUTOS = YES_AGGRESSIVE;
				GCC_WARN_UNUSED_FUNCTION = YES;
				GCC_WARN_UNUSED_VARIABLE = YES;
				IPHONEOS_DEPLOYMENT_TARGET = 8.4;
				MTL_ENABLE_DEBUG_INFO = YES;
				ONLY_ACTIVE_ARCH = YES;
				SDKROOT = iphoneos;
			};
			name = Debug;
		};
		346CB01D1BEC9497001F8F56 /* Release */ = {
			isa = XCBuildConfiguration;
			buildSettings = {
				ALWAYS_SEARCH_USER_PATHS = NO;
				CLANG_CXX_LANGUAGE_STANDARD = "gnu++0x";
				CLANG_CXX_LIBRARY = "libc++";
				CLANG_ENABLE_MODULES = YES;
				CLANG_ENABLE_OBJC_ARC = YES;
				CLANG_WARN_BOOL_CONVERSION = YES;
				CLANG_WARN_CONSTANT_CONVERSION = YES;
				CLANG_WARN_DIRECT_OBJC_ISA_USAGE = YES_ERROR;
				CLANG_WARN_EMPTY_BODY = YES;
				CLANG_WARN_ENUM_CONVERSION = YES;
				CLANG_WARN_INT_CONVERSION = YES;
				CLANG_WARN_OBJC_ROOT_CLASS = YES_ERROR;
				CLANG_WARN_UNREACHABLE_CODE = YES;
				CLANG_WARN__DUPLICATE_METHOD_MATCH = YES;
				"CODE_SIGN_IDENTITY[sdk=iphoneos*]" = "iPhone Developer";
				COPY_PHASE_STRIP = NO;
				DEBUG_INFORMATION_FORMAT = "dwarf-with-dsym";
				ENABLE_NS_ASSERTIONS = NO;
				ENABLE_STRICT_OBJC_MSGSEND = YES;
				GCC_C_LANGUAGE_STANDARD = gnu99;
				GCC_NO_COMMON_BLOCKS = YES;
				GCC_WARN_64_TO_32_BIT_CONVERSION = YES;
				GCC_WARN_ABOUT_RETURN_TYPE = YES_ERROR;
				GCC_WARN_UNDECLARED_SELECTOR = YES;
				GCC_WARN_UNINITIALIZED_AUTOS = YES_AGGRESSIVE;
				GCC_WARN_UNUSED_FUNCTION = YES;
				GCC_WARN_UNUSED_VARIABLE = YES;
				IPHONEOS_DEPLOYMENT_TARGET = 8.4;
				MTL_ENABLE_DEBUG_INFO = NO;
				SDKROOT = iphoneos;
				VALIDATE_PRODUCT = YES;
			};
			name = Release;
		};
		346CB01F1BEC9497001F8F56 /* Debug */ = {
			isa = XCBuildConfiguration;
			buildSettings = {
				ASSETCATALOG_COMPILER_APPICON_NAME = AppIcon;
				CLANG_ENABLE_OBJC_ARC = NO;
				INFOPLIST_FILE = LessonUIGestureRecognizer/Info.plist;
				LD_RUNPATH_SEARCH_PATHS = "$(inherited) @executable_path/Frameworks";
				PRODUCT_NAME = "$(TARGET_NAME)";
			};
			name = Debug;
		};
		346CB0201BEC9497001F8F56 /* Release */ = {
			isa = XCBuildConfiguration;
			buildSettings = {
				ASSETCATALOG_COMPILER_APPICON_NAME = AppIcon;
				CLANG_ENABLE_OBJC_ARC = NO;
				INFOPLIST_FILE = LessonUIGestureRecognizer/Info.plist;
				LD_RUNPATH_SEARCH_PATHS = "$(inherited) @executable_path/Frameworks";
				PRODUCT_NAME = "$(TARGET_NAME)";
			};
			name = Release;
		};
		346CB0221BEC9497001F8F56 /* Debug */ = {
			isa = XCBuildConfiguration;
			buildSettings = {
				BUNDLE_LOADER = "$(TEST_HOST)";
				FRAMEWORK_SEARCH_PATHS = (
					"$(SDKROOT)/Developer/Library/Frameworks",
					"$(inherited)",
				);
				GCC_PREPROCESSOR_DEFINITIONS = (
					"DEBUG=1",
					"$(inherited)",
				);
				INFOPLIST_FILE = LessonUIGestureRecognizerTests/Info.plist;
				LD_RUNPATH_SEARCH_PATHS = "$(inherited) @executable_path/Frameworks @loader_path/Frameworks";
				PRODUCT_NAME = "$(TARGET_NAME)";
				TEST_HOST = "$(BUILT_PRODUCTS_DIR)/LessonUIGestureRecognizer.app/LessonUIGestureRecognizer";
			};
			name = Debug;
		};
		346CB0231BEC9497001F8F56 /* Release */ = {
			isa = XCBuildConfiguration;
			buildSettings = {
				BUNDLE_LOADER = "$(TEST_HOST)";
				FRAMEWORK_SEARCH_PATHS = (
					"$(SDKROOT)/Developer/Library/Frameworks",
					"$(inherited)",
				);
				INFOPLIST_FILE = LessonUIGestureRecognizerTests/Info.plist;
				LD_RUNPATH_SEARCH_PATHS = "$(inherited) @executable_path/Frameworks @loader_path/Frameworks";
				PRODUCT_NAME = "$(TARGET_NAME)";
				TEST_HOST = "$(BUILT_PRODUCTS_DIR)/LessonUIGestureRecognizer.app/LessonUIGestureRecognizer";
			};
			name = Release;
		};
/* End XCBuildConfiguration section */

/* Begin XCConfigurationList section */
		346CAFFC1BEC9497001F8F56 /* Build configuration list for PBXProject "LessonUIGestureRecognizer" */ = {
			isa = XCConfigurationList;
			buildConfigurations = (
				346CB01C1BEC9497001F8F56 /* Debug */,
				346CB01D1BEC9497001F8F56 /* Release */,
			);
			defaultConfigurationIsVisible = 0;
			defaultConfigurationName = Release;
		};
		346CB01E1BEC9497001F8F56 /* Build configuration list for PBXNativeTarget "LessonUIGestureRecognizer" */ = {
			isa = XCConfigurationList;
			buildConfigurations = (
				346CB01F1BEC9497001F8F56 /* Debug */,
				346CB0201BEC9497001F8F56 /* Release */,
			);
			defaultConfigurationIsVisible = 0;
		};
		346CB0211BEC9497001F8F56 /* Build configuration list for PBXNativeTarget "LessonUIGestureRecognizerTests" */ = {
			isa = XCConfigurationList;
			buildConfigurations = (
				346CB0221BEC9497001F8F56 /* Debug */,
				346CB0231BEC9497001F8F56 /* Release */,
			);
			defaultConfigurationIsVisible = 0;
		};
/* End XCConfigurationList section */
	};
	rootObject = 346CAFF91BEC9497001F8F56 /* Project object */;
}
