// !$*UTF8*$!
{
	archiveVersion = 1;
	classes = {
	};
	objectVersion = 50;
	objects = {

/* Begin PBXBuildFile section */
		84FA3BE82084A61F0018279C /* AppDelegate.swift in Sources */ = {isa = PBXBuildFile; fileRef = 84FA3BE72084A61F0018279C /* AppDelegate.swift */; };
		84FA3BEA2084A61F0018279C /* ViewController.swift in Sources */ = {isa = PBXBuildFile; fileRef = 84FA3BE92084A61F0018279C /* ViewController.swift */; };
		84FA3BED2084A61F0018279C /* Main.storyboard in Resources */ = {isa = PBXBuildFile; fileRef = 84FA3BEB2084A61F0018279C /* Main.storyboard */; };
		84FA3BEF2084A6210018279C /* Assets.xcassets in Resources */ = {isa = PBXBuildFile; fileRef = 84FA3BEE2084A6210018279C /* Assets.xcassets */; };
		84FA3BF22084A6210018279C /* LaunchScreen.storyboard in Resources */ = {isa = PBXBuildFile; fileRef = 84FA3BF02084A6210018279C /* LaunchScreen.storyboard */; };
		84FA3BFD2084A6210018279C /* Automatic_Reference_CountingTests.swift in Sources */ = {isa = PBXBuildFile; fileRef = 84FA3BFC2084A6210018279C /* Automatic_Reference_CountingTests.swift */; };
		84FA3C082084A6210018279C /* Automatic_Reference_CountingUITests.swift in Sources */ = {isa = PBXBuildFile; fileRef = 84FA3C072084A6210018279C /* Automatic_Reference_CountingUITests.swift */; };
/* End PBXBuildFile section */

/* Begin PBXContainerItemProxy section */
		84FA3BF92084A6210018279C /* PBXContainerItemProxy */ = {
			isa = PBXContainerItemProxy;
			containerPortal = 84FA3BDC2084A61F0018279C /* Project object */;
			proxyType = 1;
			remoteGlobalIDString = 84FA3BE32084A61F0018279C;
			remoteInfo = "Automatic Reference Counting";
		};
		84FA3C042084A6210018279C /* PBXContainerItemProxy */ = {
			isa = PBXContainerItemProxy;
			containerPortal = 84FA3BDC2084A61F0018279C /* Project object */;
			proxyType = 1;
			remoteGlobalIDString = 84FA3BE32084A61F0018279C;
			remoteInfo = "Automatic Reference Counting";
		};
/* End PBXContainerItemProxy section */

/* Begin PBXFileReference section */
		84FA3BE42084A61F0018279C /* Automatic Reference Counting.app */ = {isa = PBXFileReference; explicitFileType = wrapper.application; includeInIndex = 0; path = "Automatic Reference Counting.app"; sourceTree = BUILT_PRODUCTS_DIR; };
		84FA3BE72084A61F0018279C /* AppDelegate.swift */ = {isa = PBXFileReference; lastKnownFileType = sourcecode.swift; path = AppDelegate.swift; sourceTree = "<group>"; };
		84FA3BE92084A61F0018279C /* ViewController.swift */ = {isa = PBXFileReference; lastKnownFileType = sourcecode.swift; path = ViewController.swift; sourceTree = "<group>"; };
		84FA3BEC2084A61F0018279C /* Base */ = {isa = PBXFileReference; lastKnownFileType = file.storyboard; name = Base; path = Base.lproj/Main.storyboard; sourceTree = "<group>"; };
		84FA3BEE2084A6210018279C /* Assets.xcassets */ = {isa = PBXFileReference; lastKnownFileType = folder.assetcatalog; path = Assets.xcassets; sourceTree = "<group>"; };
		84FA3BF12084A6210018279C /* Base */ = {isa = PBXFileReference; lastKnownFileType = file.storyboard; name = Base; path = Base.lproj/LaunchScreen.storyboard; sourceTree = "<group>"; };
		84FA3BF32084A6210018279C /* Info.plist */ = {isa = PBXFileReference; lastKnownFileType = text.plist.xml; path = Info.plist; sourceTree = "<group>"; };
		84FA3BF82084A6210018279C /* Automatic Reference CountingTests.xctest */ = {isa = PBXFileReference; explicitFileType = wrapper.cfbundle; includeInIndex = 0; path = "Automatic Reference CountingTests.xctest"; sourceTree = BUILT_PRODUCTS_DIR; };
		84FA3BFC2084A6210018279C /* Automatic_Reference_CountingTests.swift */ = {isa = PBXFileReference; lastKnownFileType = sourcecode.swift; path = Automatic_Reference_CountingTests.swift; sourceTree = "<group>"; };
		84FA3BFE2084A6210018279C /* Info.plist */ = {isa = PBXFileReference; lastKnownFileType = text.plist.xml; path = Info.plist; sourceTree = "<group>"; };
		84FA3C032084A6210018279C /* Automatic Reference CountingUITests.xctest */ = {isa = PBXFileReference; explicitFileType = wrapper.cfbundle; includeInIndex = 0; path = "Automatic Reference CountingUITests.xctest"; sourceTree = BUILT_PRODUCTS_DIR; };
		84FA3C072084A6210018279C /* Automatic_Reference_CountingUITests.swift */ = {isa = PBXFileReference; lastKnownFileType = sourcecode.swift; path = Automatic_Reference_CountingUITests.swift; sourceTree = "<group>"; };
		84FA3C092084A6210018279C /* Info.plist */ = {isa = PBXFileReference; lastKnownFileType = text.plist.xml; path = Info.plist; sourceTree = "<group>"; };
/* End PBXFileReference section */

/* Begin PBXFrameworksBuildPhase section */
		84FA3BE12084A61F0018279C /* Frameworks */ = {
			isa = PBXFrameworksBuildPhase;
			buildActionMask = 2147483647;
			files = (
			);
			runOnlyForDeploymentPostprocessing = 0;
		};
		84FA3BF52084A6210018279C /* Frameworks */ = {
			isa = PBXFrameworksBuildPhase;
			buildActionMask = 2147483647;
			files = (
			);
			runOnlyForDeploymentPostprocessing = 0;
		};
		84FA3C002084A6210018279C /* Frameworks */ = {
			isa = PBXFrameworksBuildPhase;
			buildActionMask = 2147483647;
			files = (
			);
			runOnlyForDeploymentPostprocessing = 0;
		};
/* End PBXFrameworksBuildPhase section */

/* Begin PBXGroup section */
		84FA3BDB2084A61F0018279C = {
			isa = PBXGroup;
			children = (
				84FA3BE62084A61F0018279C /* Automatic Reference Counting */,
				84FA3BFB2084A6210018279C /* Automatic Reference CountingTests */,
				84FA3C062084A6210018279C /* Automatic Reference CountingUITests */,
				84FA3BE52084A61F0018279C /* Products */,
			);
			sourceTree = "<group>";
		};
		84FA3BE52084A61F0018279C /* Products */ = {
			isa = PBXGroup;
			children = (
				84FA3BE42084A61F0018279C /* Automatic Reference Counting.app */,
				84FA3BF82084A6210018279C /* Automatic Reference CountingTests.xctest */,
				84FA3C032084A6210018279C /* Automatic Reference CountingUITests.xctest */,
			);
			name = Products;
			sourceTree = "<group>";
		};
		84FA3BE62084A61F0018279C /* Automatic Reference Counting */ = {
			isa = PBXGroup;
			children = (
				84FA3BE72084A61F0018279C /* AppDelegate.swift */,
				84FA3BE92084A61F0018279C /* ViewController.swift */,
				84FA3BEB2084A61F0018279C /* Main.storyboard */,
				84FA3BEE2084A6210018279C /* Assets.xcassets */,
				84FA3BF02084A6210018279C /* LaunchScreen.storyboard */,
				84FA3BF32084A6210018279C /* Info.plist */,
			);
			path = "Automatic Reference Counting";
			sourceTree = "<group>";
		};
		84FA3BFB2084A6210018279C /* Automatic Reference CountingTests */ = {
			isa = PBXGroup;
			children = (
				84FA3BFC2084A6210018279C /* Automatic_Reference_CountingTests.swift */,
				84FA3BFE2084A6210018279C /* Info.plist */,
			);
			path = "Automatic Reference CountingTests";
			sourceTree = "<group>";
		};
		84FA3C062084A6210018279C /* Automatic Reference CountingUITests */ = {
			isa = PBXGroup;
			children = (
				84FA3C072084A6210018279C /* Automatic_Reference_CountingUITests.swift */,
				84FA3C092084A6210018279C /* Info.plist */,
			);
			path = "Automatic Reference CountingUITests";
			sourceTree = "<group>";
		};
/* End PBXGroup section */

/* Begin PBXNativeTarget section */
		84FA3BE32084A61F0018279C /* Automatic Reference Counting */ = {
			isa = PBXNativeTarget;
			buildConfigurationList = 84FA3C0C2084A6210018279C /* Build configuration list for PBXNativeTarget "Automatic Reference Counting" */;
			buildPhases = (
				84FA3BE02084A61F0018279C /* Sources */,
				84FA3BE12084A61F0018279C /* Frameworks */,
				84FA3BE22084A61F0018279C /* Resources */,
			);
			buildRules = (
			);
			dependencies = (
			);
			name = "Automatic Reference Counting";
			productName = "Automatic Reference Counting";
			productReference = 84FA3BE42084A61F0018279C /* Automatic Reference Counting.app */;
			productType = "com.apple.product-type.application";
		};
		84FA3BF72084A6210018279C /* Automatic Reference CountingTests */ = {
			isa = PBXNativeTarget;
			buildConfigurationList = 84FA3C0F2084A6210018279C /* Build configuration list for PBXNativeTarget "Automatic Reference CountingTests" */;
			buildPhases = (
				84FA3BF42084A6210018279C /* Sources */,
				84FA3BF52084A6210018279C /* Frameworks */,
				84FA3BF62084A6210018279C /* Resources */,
			);
			buildRules = (
			);
			dependencies = (
				84FA3BFA2084A6210018279C /* PBXTargetDependency */,
			);
			name = "Automatic Reference CountingTests";
			productName = "Automatic Reference CountingTests";
			productReference = 84FA3BF82084A6210018279C /* Automatic Reference CountingTests.xctest */;
			productType = "com.apple.product-type.bundle.unit-test";
		};
		84FA3C022084A6210018279C /* Automatic Reference CountingUITests */ = {
			isa = PBXNativeTarget;
			buildConfigurationList = 84FA3C122084A6210018279C /* Build configuration list for PBXNativeTarget "Automatic Reference CountingUITests" */;
			buildPhases = (
				84FA3BFF2084A6210018279C /* Sources */,
				84FA3C002084A6210018279C /* Frameworks */,
				84FA3C012084A6210018279C /* Resources */,
			);
			buildRules = (
			);
			dependencies = (
				84FA3C052084A6210018279C /* PBXTargetDependency */,
			);
			name = "Automatic Reference CountingUITests";
			productName = "Automatic Reference CountingUITests";
			productReference = 84FA3C032084A6210018279C /* Automatic Reference CountingUITests.xctest */;
			productType = "com.apple.product-type.bundle.ui-testing";
		};
/* End PBXNativeTarget section */

/* Begin PBXProject section */
		84FA3BDC2084A61F0018279C /* Project object */ = {
			isa = PBXProject;
			attributes = {
				LastSwiftUpdateCheck = 0930;
				LastUpgradeCheck = 0930;
				ORGANIZATIONNAME = admin;
				TargetAttributes = {
					84FA3BE32084A61F0018279C = {
						CreatedOnToolsVersion = 9.3;
					};
					84FA3BF72084A6210018279C = {
						CreatedOnToolsVersion = 9.3;
						TestTargetID = 84FA3BE32084A61F0018279C;
					};
					84FA3C022084A6210018279C = {
						CreatedOnToolsVersion = 9.3;
						TestTargetID = 84FA3BE32084A61F0018279C;
					};
				};
			};
			buildConfigurationList = 84FA3BDF2084A61F0018279C /* Build configuration list for PBXProject "Automatic Reference Counting" */;
			compatibilityVersion = "Xcode 9.3";
			developmentRegion = en;
			hasScannedForEncodings = 0;
			knownRegions = (
				en,
				Base,
			);
			mainGroup = 84FA3BDB2084A61F0018279C;
			productRefGroup = 84FA3BE52084A61F0018279C /* Products */;
			projectDirPath = "";
			projectRoot = "";
			targets = (
				84FA3BE32084A61F0018279C /* Automatic Reference Counting */,
				84FA3BF72084A6210018279C /* Automatic Reference CountingTests */,
				84FA3C022084A6210018279C /* Automatic Reference CountingUITests */,
			);
		};
/* End PBXProject section */

/* Begin PBXResourcesBuildPhase section */
		84FA3BE22084A61F0018279C /* Resources */ = {
			isa = PBXResourcesBuildPhase;
			buildActionMask = 2147483647;
			files = (
				84FA3BF22084A6210018279C /* LaunchScreen.storyboard in Resources */,
				84FA3BEF2084A6210018279C /* Assets.xcassets in Resources */,
				84FA3BED2084A61F0018279C /* Main.storyboard in Resources */,
			);
			runOnlyForDeploymentPostprocessing = 0;
		};
		84FA3BF62084A6210018279C /* Resources */ = {
			isa = PBXResourcesBuildPhase;
			buildActionMask = 2147483647;
			files = (
			);
			runOnlyForDeploymentPostprocessing = 0;
		};
		84FA3C012084A6210018279C /* Resources */ = {
			isa = PBXResourcesBuildPhase;
			buildActionMask = 2147483647;
			files = (
			);
			runOnlyForDeploymentPostprocessing = 0;
		};
/* End PBXResourcesBuildPhase section */

/* Begin PBXSourcesBuildPhase section */
		84FA3BE02084A61F0018279C /* Sources */ = {
			isa = PBXSourcesBuildPhase;
			buildActionMask = 2147483647;
			files = (
				84FA3BEA2084A61F0018279C /* ViewController.swift in Sources */,
				84FA3BE82084A61F0018279C /* AppDelegate.swift in Sources */,
			);
			runOnlyForDeploymentPostprocessing = 0;
		};
		84FA3BF42084A6210018279C /* Sources */ = {
			isa = PBXSourcesBuildPhase;
			buildActionMask = 2147483647;
			files = (
				84FA3BFD2084A6210018279C /* Automatic_Reference_CountingTests.swift in Sources */,
			);
			runOnlyForDeploymentPostprocessing = 0;
		};
		84FA3BFF2084A6210018279C /* Sources */ = {
			isa = PBXSourcesBuildPhase;
			buildActionMask = 2147483647;
			files = (
				84FA3C082084A6210018279C /* Automatic_Reference_CountingUITests.swift in Sources */,
			);
			runOnlyForDeploymentPostprocessing = 0;
		};
/* End PBXSourcesBuildPhase section */

/* Begin PBXTargetDependency section */
		84FA3BFA2084A6210018279C /* PBXTargetDependency */ = {
			isa = PBXTargetDependency;
			target = 84FA3BE32084A61F0018279C /* Automatic Reference Counting */;
			targetProxy = 84FA3BF92084A6210018279C /* PBXContainerItemProxy */;
		};
		84FA3C052084A6210018279C /* PBXTargetDependency */ = {
			isa = PBXTargetDependency;
			target = 84FA3BE32084A61F0018279C /* Automatic Reference Counting */;
			targetProxy = 84FA3C042084A6210018279C /* PBXContainerItemProxy */;
		};
/* End PBXTargetDependency section */

/* Begin PBXVariantGroup section */
		84FA3BEB2084A61F0018279C /* Main.storyboard */ = {
			isa = PBXVariantGroup;
			children = (
				84FA3BEC2084A61F0018279C /* Base */,
			);
			name = Main.storyboard;
			sourceTree = "<group>";
		};
		84FA3BF02084A6210018279C /* LaunchScreen.storyboard */ = {
			isa = PBXVariantGroup;
			children = (
				84FA3BF12084A6210018279C /* Base */,
			);
			name = LaunchScreen.storyboard;
			sourceTree = "<group>";
		};
/* End PBXVariantGroup section */

/* Begin XCBuildConfiguration section */
		84FA3C0A2084A6210018279C /* Debug */ = {
			isa = XCBuildConfiguration;
			buildSettings = {
				ALWAYS_SEARCH_USER_PATHS = NO;
				CLANG_ANALYZER_NONNULL = YES;
				CLANG_ANALYZER_NUMBER_OBJECT_CONVERSION = YES_AGGRESSIVE;
				CLANG_CXX_LANGUAGE_STANDARD = "gnu++14";
				CLANG_CXX_LIBRARY = "libc++";
				CLANG_ENABLE_MODULES = YES;
				CLANG_ENABLE_OBJC_ARC = YES;
				CLANG_ENABLE_OBJC_WEAK = YES;
				CLANG_WARN_BLOCK_CAPTURE_AUTORELEASING = YES;
				CLANG_WARN_BOOL_CONVERSION = YES;
				CLANG_WARN_COMMA = YES;
				CLANG_WARN_CONSTANT_CONVERSION = YES;
				CLANG_WARN_DEPRECATED_OBJC_IMPLEMENTATIONS = YES;
				CLANG_WARN_DIRECT_OBJC_ISA_USAGE = YES_ERROR;
				CLANG_WARN_DOCUMENTATION_COMMENTS = YES;
				CLANG_WARN_EMPTY_BODY = YES;
				CLANG_WARN_ENUM_CONVERSION = YES;
				CLANG_WARN_INFINITE_RECURSION = YES;
				CLANG_WARN_INT_CONVERSION = YES;
				CLANG_WARN_NON_LITERAL_NULL_CONVERSION = YES;
				CLANG_WARN_OBJC_IMPLICIT_RETAIN_SELF = YES;
				CLANG_WARN_OBJC_LITERAL_CONVERSION = YES;
				CLANG_WARN_OBJC_ROOT_CLASS = YES_ERROR;
				CLANG_WARN_RANGE_LOOP_ANALYSIS = YES;
				CLANG_WARN_STRICT_PROTOTYPES = YES;
				CLANG_WARN_SUSPICIOUS_MOVE = YES;
				CLANG_WARN_UNGUARDED_AVAILABILITY = YES_AGGRESSIVE;
				CLANG_WARN_UNREACHABLE_CODE = YES;
				CLANG_WARN__DUPLICATE_METHOD_MATCH = YES;
				CODE_SIGN_IDENTITY = "iPhone Developer";
				COPY_PHASE_STRIP = NO;
				DEBUG_INFORMATION_FORMAT = dwarf;
				ENABLE_STRICT_OBJC_MSGSEND = YES;
				ENABLE_TESTABILITY = YES;
				GCC_C_LANGUAGE_STANDARD = gnu11;
				GCC_DYNAMIC_NO_PIC = NO;
				GCC_NO_COMMON_BLOCKS = YES;
				GCC_OPTIMIZATION_LEVEL = 0;
				GCC_PREPROCESSOR_DEFINITIONS = (
					"DEBUG=1",
					"$(inherited)",
				);
				GCC_WARN_64_TO_32_BIT_CONVERSION = YES;
				GCC_WARN_ABOUT_RETURN_TYPE = YES_ERROR;
				GCC_WARN_UNDECLARED_SELECTOR = YES;
				GCC_WARN_UNINITIALIZED_AUTOS = YES_AGGRESSIVE;
				GCC_WARN_UNUSED_FUNCTION = YES;
				GCC_WARN_UNUSED_VARIABLE = YES;
				IPHONEOS_DEPLOYMENT_TARGET = 11.3;
				MTL_ENABLE_DEBUG_INFO = YES;
				ONLY_ACTIVE_ARCH = YES;
				SDKROOT = iphoneos;
				SWIFT_ACTIVE_COMPILATION_CONDITIONS = DEBUG;
				SWIFT_OPTIMIZATION_LEVEL = "-Onone";
			};
			name = Debug;
		};
		84FA3C0B2084A6210018279C /* Release */ = {
			isa = XCBuildConfiguration;
			buildSettings = {
				ALWAYS_SEARCH_USER_PATHS = NO;
				CLANG_ANALYZER_NONNULL = YES;
				CLANG_ANALYZER_NUMBER_OBJECT_CONVERSION = YES_AGGRESSIVE;
				CLANG_CXX_LANGUAGE_STANDARD = "gnu++14";
				CLANG_CXX_LIBRARY = "libc++";
				CLANG_ENABLE_MODULES = YES;
				CLANG_ENABLE_OBJC_ARC = YES;
				CLANG_ENABLE_OBJC_WEAK = YES;
				CLANG_WARN_BLOCK_CAPTURE_AUTORELEASING = YES;
				CLANG_WARN_BOOL_CONVERSION = YES;
				CLANG_WARN_COMMA = YES;
				CLANG_WARN_CONSTANT_CONVERSION = YES;
				CLANG_WARN_DEPRECATED_OBJC_IMPLEMENTATIONS = YES;
				CLANG_WARN_DIRECT_OBJC_ISA_USAGE = YES_ERROR;
				CLANG_WARN_DOCUMENTATION_COMMENTS = YES;
				CLANG_WARN_EMPTY_BODY = YES;
				CLANG_WARN_ENUM_CONVERSION = YES;
				CLANG_WARN_INFINITE_RECURSION = YES;
				CLANG_WARN_INT_CONVERSION = YES;
				CLANG_WARN_NON_LITERAL_NULL_CONVERSION = YES;
				CLANG_WARN_OBJC_IMPLICIT_RETAIN_SELF = YES;
				CLANG_WARN_OBJC_LITERAL_CONVERSION = YES;
				CLANG_WARN_OBJC_ROOT_CLASS = YES_ERROR;
				CLANG_WARN_RANGE_LOOP_ANALYSIS = YES;
				CLANG_WARN_STRICT_PROTOTYPES = YES;
				CLANG_WARN_SUSPICIOUS_MOVE = YES;
				CLANG_WARN_UNGUARDED_AVAILABILITY = YES_AGGRESSIVE;
				CLANG_WARN_UNREACHABLE_CODE = YES;
				CLANG_WARN__DUPLICATE_METHOD_MATCH = YES;
				CODE_SIGN_IDENTITY = "iPhone Developer";
				COPY_PHASE_STRIP = NO;
				DEBUG_INFORMATION_FORMAT = "dwarf-with-dsym";
				ENABLE_NS_ASSERTIONS = NO;
				ENABLE_STRICT_OBJC_MSGSEND = YES;
				GCC_C_LANGUAGE_STANDARD = gnu11;
				GCC_NO_COMMON_BLOCKS = YES;
				GCC_WARN_64_TO_32_BIT_CONVERSION = YES;
				GCC_WARN_ABOUT_RETURN_TYPE = YES_ERROR;
				GCC_WARN_UNDECLARED_SELECTOR = YES;
				GCC_WARN_UNINITIALIZED_AUTOS = YES_AGGRESSIVE;
				GCC_WARN_UNUSED_FUNCTION = YES;
				GCC_WARN_UNUSED_VARIABLE = YES;
				IPHONEOS_DEPLOYMENT_TARGET = 11.3;
				MTL_ENABLE_DEBUG_INFO = NO;
				SDKROOT = iphoneos;
				SWIFT_COMPILATION_MODE = wholemodule;
				SWIFT_OPTIMIZATION_LEVEL = "-O";
				VALIDATE_PRODUCT = YES;
			};
			name = Release;
		};
		84FA3C0D2084A6210018279C /* Debug */ = {
			isa = XCBuildConfiguration;
			buildSettings = {
				ASSETCATALOG_COMPILER_APPICON_NAME = AppIcon;
				CODE_SIGN_STYLE = Automatic;
				DEVELOPMENT_TEAM = K4G3H73MPD;
				INFOPLIST_FILE = "Automatic Reference Counting/Info.plist";
				LD_RUNPATH_SEARCH_PATHS = (
					"$(inherited)",
					"@executable_path/Frameworks",
				);
				PRODUCT_BUNDLE_IDENTIFIER = "zywlw.Automatic-Reference-Counting";
				PRODUCT_NAME = "$(TARGET_NAME)";
				SWIFT_VERSION = 4.0;
				TARGETED_DEVICE_FAMILY = "1,2";
			};
			name = Debug;
		};
		84FA3C0E2084A6210018279C /* Release */ = {
			isa = XCBuildConfiguration;
			buildSettings = {
				ASSETCATALOG_COMPILER_APPICON_NAME = AppIcon;
				CODE_SIGN_STYLE = Automatic;
				DEVELOPMENT_TEAM = K4G3H73MPD;
				INFOPLIST_FILE = "Automatic Reference Counting/Info.plist";
				LD_RUNPATH_SEARCH_PATHS = (
					"$(inherited)",
					"@executable_path/Frameworks",
				);
				PRODUCT_BUNDLE_IDENTIFIER = "zywlw.Automatic-Reference-Counting";
				PRODUCT_NAME = "$(TARGET_NAME)";
				SWIFT_VERSION = 4.0;
				TARGETED_DEVICE_FAMILY = "1,2";
			};
			name = Release;
		};
		84FA3C102084A6210018279C /* Debug */ = {
			isa = XCBuildConfiguration;
			buildSettings = {
				ALWAYS_EMBED_SWIFT_STANDARD_LIBRARIES = YES;
				BUNDLE_LOADER = "$(TEST_HOST)";
				CODE_SIGN_STYLE = Automatic;
				DEVELOPMENT_TEAM = K4G3H73MPD;
				INFOPLIST_FILE = "Automatic Reference CountingTests/Info.plist";
				LD_RUNPATH_SEARCH_PATHS = (
					"$(inherited)",
					"@executable_path/Frameworks",
					"@loader_path/Frameworks",
				);
				PRODUCT_BUNDLE_IDENTIFIER = "zywlw.Automatic-Reference-CountingTests";
				PRODUCT_NAME = "$(TARGET_NAME)";
				SWIFT_VERSION = 4.0;
				TARGETED_DEVICE_FAMILY = "1,2";
				TEST_HOST = "$(BUILT_PRODUCTS_DIR)/Automatic Reference Counting.app/Automatic Reference Counting";
			};
			name = Debug;
		};
		84FA3C112084A6210018279C /* Release */ = {
			isa = XCBuildConfiguration;
			buildSettings = {
				ALWAYS_EMBED_SWIFT_STANDARD_LIBRARIES = YES;
				BUNDLE_LOADER = "$(TEST_HOST)";
				CODE_SIGN_STYLE = Automatic;
				DEVELOPMENT_TEAM = K4G3H73MPD;
				INFOPLIST_FILE = "Automatic Reference CountingTests/Info.plist";
				LD_RUNPATH_SEARCH_PATHS = (
					"$(inherited)",
					"@executable_path/Frameworks",
					"@loader_path/Frameworks",
				);
				PRODUCT_BUNDLE_IDENTIFIER = "zywlw.Automatic-Reference-CountingTests";
				PRODUCT_NAME = "$(TARGET_NAME)";
				SWIFT_VERSION = 4.0;
				TARGETED_DEVICE_FAMILY = "1,2";
				TEST_HOST = "$(BUILT_PRODUCTS_DIR)/Automatic Reference Counting.app/Automatic Reference Counting";
			};
			name = Release;
		};
		84FA3C132084A6210018279C /* Debug */ = {
			isa = XCBuildConfiguration;
			buildSettings = {
				ALWAYS_EMBED_SWIFT_STANDARD_LIBRARIES = YES;
				CODE_SIGN_STYLE = Automatic;
				DEVELOPMENT_TEAM = K4G3H73MPD;
				INFOPLIST_FILE = "Automatic Reference CountingUITests/Info.plist";
				LD_RUNPATH_SEARCH_PATHS = (
					"$(inherited)",
					"@executable_path/Frameworks",
					"@loader_path/Frameworks",
				);
				PRODUCT_BUNDLE_IDENTIFIER = "zywlw.Automatic-Reference-CountingUITests";
				PRODUCT_NAME = "$(TARGET_NAME)";
				SWIFT_VERSION = 4.0;
				TARGETED_DEVICE_FAMILY = "1,2";
				TEST_TARGET_NAME = "Automatic Reference Counting";
			};
			name = Debug;
		};
		84FA3C142084A6210018279C /* Release */ = {
			isa = XCBuildConfiguration;
			buildSettings = {
				ALWAYS_EMBED_SWIFT_STANDARD_LIBRARIES = YES;
				CODE_SIGN_STYLE = Automatic;
				DEVELOPMENT_TEAM = K4G3H73MPD;
				INFOPLIST_FILE = "Automatic Reference CountingUITests/Info.plist";
				LD_RUNPATH_SEARCH_PATHS = (
					"$(inherited)",
					"@executable_path/Frameworks",
					"@loader_path/Frameworks",
				);
				PRODUCT_BUNDLE_IDENTIFIER = "zywlw.Automatic-Reference-CountingUITests";
				PRODUCT_NAME = "$(TARGET_NAME)";
				SWIFT_VERSION = 4.0;
				TARGETED_DEVICE_FAMILY = "1,2";
				TEST_TARGET_NAME = "Automatic Reference Counting";
			};
			name = Release;
		};
/* End XCBuildConfiguration section */

/* Begin XCConfigurationList section */
		84FA3BDF2084A61F0018279C /* Build configuration list for PBXProject "Automatic Reference Counting" */ = {
			isa = XCConfigurationList;
			buildConfigurations = (
				84FA3C0A2084A6210018279C /* Debug */,
				84FA3C0B2084A6210018279C /* Release */,
			);
			defaultConfigurationIsVisible = 0;
			defaultConfigurationName = Release;
		};
		84FA3C0C2084A6210018279C /* Build configuration list for PBXNativeTarget "Automatic Reference Counting" */ = {
			isa = XCConfigurationList;
			buildConfigurations = (
				84FA3C0D2084A6210018279C /* Debug */,
				84FA3C0E2084A6210018279C /* Release */,
			);
			defaultConfigurationIsVisible = 0;
			defaultConfigurationName = Release;
		};
		84FA3C0F2084A6210018279C /* Build configuration list for PBXNativeTarget "Automatic Reference CountingTests" */ = {
			isa = XCConfigurationList;
			buildConfigurations = (
				84FA3C102084A6210018279C /* Debug */,
				84FA3C112084A6210018279C /* Release */,
			);
			defaultConfigurationIsVisible = 0;
			defaultConfigurationName = Release;
		};
		84FA3C122084A6210018279C /* Build configuration list for PBXNativeTarget "Automatic Reference CountingUITests" */ = {
			isa = XCConfigurationList;
			buildConfigurations = (
				84FA3C132084A6210018279C /* Debug */,
				84FA3C142084A6210018279C /* Release */,
			);
			defaultConfigurationIsVisible = 0;
			defaultConfigurationName = Release;
		};
/* End XCConfigurationList section */
	};
	rootObject = 84FA3BDC2084A61F0018279C /* Project object */;
}
