// !$*UTF8*$!
{
	archiveVersion = 1;
	classes = {
	};
	objectVersion = 46;
	objects = {

/* Begin PBXBuildFile section */
		3457BE821C2D573C009EB479 /* icon.png in Resources */ = {isa = PBXBuildFile; fileRef = 3457BE811C2D573C009EB479 /* icon.png */; };
		3492BB411BFEAD3F004C2A63 /* main.m in Sources */ = {isa = PBXBuildFile; fileRef = 3492BB401BFEAD3F004C2A63 /* main.m */; };
		3492BB441BFEAD3F004C2A63 /* AppDelegate.m in Sources */ = {isa = PBXBuildFile; fileRef = 3492BB431BFEAD3F004C2A63 /* AppDelegate.m */; };
		3492BB4A1BFEAD3F004C2A63 /* Main.storyboard in Resources */ = {isa = PBXBuildFile; fileRef = 3492BB481BFEAD3F004C2A63 /* Main.storyboard */; };
		3492BB4C1BFEAD3F004C2A63 /* Images.xcassets in Resources */ = {isa = PBXBuildFile; fileRef = 3492BB4B1BFEAD3F004C2A63 /* Images.xcassets */; };
		3492BB4F1BFEAD3F004C2A63 /* LaunchScreen.xib in Resources */ = {isa = PBXBuildFile; fileRef = 3492BB4D1BFEAD3F004C2A63 /* LaunchScreen.xib */; };
		3492BB5B1BFEAD3F004C2A63 /* LessonDataPersistenceTests.m in Sources */ = {isa = PBXBuildFile; fileRef = 3492BB5A1BFEAD3F004C2A63 /* LessonDataPersistenceTests.m */; };
		3492BB661BFEAF36004C2A63 /* FirstViewController.m in Sources */ = {isa = PBXBuildFile; fileRef = 3492BB651BFEAF36004C2A63 /* FirstViewController.m */; };
		3492BB691BFEAF68004C2A63 /* SecondViewController.m in Sources */ = {isa = PBXBuildFile; fileRef = 3492BB681BFEAF68004C2A63 /* SecondViewController.m */; };
		34D1D54C1BFF08A300E7D383 /* Contact.m in Sources */ = {isa = PBXBuildFile; fileRef = 34D1D54B1BFF08A300E7D383 /* Contact.m */; };
		F10D4CE21CE1E17500A16516 /* NSFileManagerViewController.m in Sources */ = {isa = PBXBuildFile; fileRef = F10D4CE11CE1E17500A16516 /* NSFileManagerViewController.m */; };
/* End PBXBuildFile section */

/* Begin PBXContainerItemProxy section */
		3492BB551BFEAD3F004C2A63 /* PBXContainerItemProxy */ = {
			isa = PBXContainerItemProxy;
			containerPortal = 3492BB331BFEAD3F004C2A63 /* Project object */;
			proxyType = 1;
			remoteGlobalIDString = 3492BB3A1BFEAD3F004C2A63;
			remoteInfo = LessonDataPersistence;
		};
/* End PBXContainerItemProxy section */

/* Begin PBXFileReference section */
		3457BE811C2D573C009EB479 /* icon.png */ = {isa = PBXFileReference; lastKnownFileType = image.png; path = icon.png; sourceTree = "<group>"; };
		3492BB3B1BFEAD3F004C2A63 /* LessonDataPersistence.app */ = {isa = PBXFileReference; explicitFileType = wrapper.application; includeInIndex = 0; path = LessonDataPersistence.app; sourceTree = BUILT_PRODUCTS_DIR; };
		3492BB3F1BFEAD3F004C2A63 /* Info.plist */ = {isa = PBXFileReference; lastKnownFileType = text.plist.xml; path = Info.plist; sourceTree = "<group>"; };
		3492BB401BFEAD3F004C2A63 /* main.m */ = {isa = PBXFileReference; lastKnownFileType = sourcecode.c.objc; path = main.m; sourceTree = "<group>"; };
		3492BB421BFEAD3F004C2A63 /* AppDelegate.h */ = {isa = PBXFileReference; lastKnownFileType = sourcecode.c.h; path = AppDelegate.h; sourceTree = "<group>"; };
		3492BB431BFEAD3F004C2A63 /* AppDelegate.m */ = {isa = PBXFileReference; lastKnownFileType = sourcecode.c.objc; path = AppDelegate.m; sourceTree = "<group>"; };
		3492BB491BFEAD3F004C2A63 /* Base */ = {isa = PBXFileReference; lastKnownFileType = file.storyboard; name = Base; path = Base.lproj/Main.storyboard; sourceTree = "<group>"; };
		3492BB4B1BFEAD3F004C2A63 /* Images.xcassets */ = {isa = PBXFileReference; lastKnownFileType = folder.assetcatalog; path = Images.xcassets; sourceTree = "<group>"; };
		3492BB4E1BFEAD3F004C2A63 /* Base */ = {isa = PBXFileReference; lastKnownFileType = file.xib; name = Base; path = Base.lproj/LaunchScreen.xib; sourceTree = "<group>"; };
		3492BB541BFEAD3F004C2A63 /* LessonDataPersistenceTests.xctest */ = {isa = PBXFileReference; explicitFileType = wrapper.cfbundle; includeInIndex = 0; path = LessonDataPersistenceTests.xctest; sourceTree = BUILT_PRODUCTS_DIR; };
		3492BB591BFEAD3F004C2A63 /* Info.plist */ = {isa = PBXFileReference; lastKnownFileType = text.plist.xml; path = Info.plist; sourceTree = "<group>"; };
		3492BB5A1BFEAD3F004C2A63 /* LessonDataPersistenceTests.m */ = {isa = PBXFileReference; lastKnownFileType = sourcecode.c.objc; path = LessonDataPersistenceTests.m; sourceTree = "<group>"; };
		3492BB641BFEAF36004C2A63 /* FirstViewController.h */ = {isa = PBXFileReference; fileEncoding = 4; lastKnownFileType = sourcecode.c.h; path = FirstViewController.h; sourceTree = "<group>"; };
		3492BB651BFEAF36004C2A63 /* FirstViewController.m */ = {isa = PBXFileReference; fileEncoding = 4; lastKnownFileType = sourcecode.c.objc; path = FirstViewController.m; sourceTree = "<group>"; };
		3492BB671BFEAF68004C2A63 /* SecondViewController.h */ = {isa = PBXFileReference; fileEncoding = 4; lastKnownFileType = sourcecode.c.h; path = SecondViewController.h; sourceTree = "<group>"; };
		3492BB681BFEAF68004C2A63 /* SecondViewController.m */ = {isa = PBXFileReference; fileEncoding = 4; lastKnownFileType = sourcecode.c.objc; path = SecondViewController.m; sourceTree = "<group>"; };
		34D1D54A1BFF08A300E7D383 /* Contact.h */ = {isa = PBXFileReference; fileEncoding = 4; lastKnownFileType = sourcecode.c.h; path = Contact.h; sourceTree = "<group>"; };
		34D1D54B1BFF08A300E7D383 /* Contact.m */ = {isa = PBXFileReference; fileEncoding = 4; lastKnownFileType = sourcecode.c.objc; path = Contact.m; sourceTree = "<group>"; };
		F10D4CE01CE1E17500A16516 /* NSFileManagerViewController.h */ = {isa = PBXFileReference; fileEncoding = 4; lastKnownFileType = sourcecode.c.h; path = NSFileManagerViewController.h; sourceTree = "<group>"; };
		F10D4CE11CE1E17500A16516 /* NSFileManagerViewController.m */ = {isa = PBXFileReference; fileEncoding = 4; lastKnownFileType = sourcecode.c.objc; path = NSFileManagerViewController.m; sourceTree = "<group>"; };
/* End PBXFileReference section */

/* Begin PBXFrameworksBuildPhase section */
		3492BB381BFEAD3F004C2A63 /* Frameworks */ = {
			isa = PBXFrameworksBuildPhase;
			buildActionMask = 2147483647;
			files = (
			);
			runOnlyForDeploymentPostprocessing = 0;
		};
		3492BB511BFEAD3F004C2A63 /* Frameworks */ = {
			isa = PBXFrameworksBuildPhase;
			buildActionMask = 2147483647;
			files = (
			);
			runOnlyForDeploymentPostprocessing = 0;
		};
/* End PBXFrameworksBuildPhase section */

/* Begin PBXGroup section */
		3492BB321BFEAD3F004C2A63 = {
			isa = PBXGroup;
			children = (
				3492BB3D1BFEAD3F004C2A63 /* LessonDataPersistence */,
				3492BB571BFEAD3F004C2A63 /* LessonDataPersistenceTests */,
				3492BB3C1BFEAD3F004C2A63 /* Products */,
			);
			sourceTree = "<group>";
		};
		3492BB3C1BFEAD3F004C2A63 /* Products */ = {
			isa = PBXGroup;
			children = (
				3492BB3B1BFEAD3F004C2A63 /* LessonDataPersistence.app */,
				3492BB541BFEAD3F004C2A63 /* LessonDataPersistenceTests.xctest */,
			);
			name = Products;
			sourceTree = "<group>";
		};
		3492BB3D1BFEAD3F004C2A63 /* LessonDataPersistence */ = {
			isa = PBXGroup;
			children = (
				3492BB421BFEAD3F004C2A63 /* AppDelegate.h */,
				3492BB431BFEAD3F004C2A63 /* AppDelegate.m */,
				3492BB641BFEAF36004C2A63 /* FirstViewController.h */,
				3492BB651BFEAF36004C2A63 /* FirstViewController.m */,
				3492BB671BFEAF68004C2A63 /* SecondViewController.h */,
				3492BB681BFEAF68004C2A63 /* SecondViewController.m */,
				F10D4CE01CE1E17500A16516 /* NSFileManagerViewController.h */,
				F10D4CE11CE1E17500A16516 /* NSFileManagerViewController.m */,
				34D1D54A1BFF08A300E7D383 /* Contact.h */,
				34D1D54B1BFF08A300E7D383 /* Contact.m */,
				3492BB481BFEAD3F004C2A63 /* Main.storyboard */,
				3457BE811C2D573C009EB479 /* icon.png */,
				3492BB4B1BFEAD3F004C2A63 /* Images.xcassets */,
				3492BB4D1BFEAD3F004C2A63 /* LaunchScreen.xib */,
				3492BB3E1BFEAD3F004C2A63 /* Supporting Files */,
			);
			path = LessonDataPersistence;
			sourceTree = "<group>";
		};
		3492BB3E1BFEAD3F004C2A63 /* Supporting Files */ = {
			isa = PBXGroup;
			children = (
				3492BB3F1BFEAD3F004C2A63 /* Info.plist */,
				3492BB401BFEAD3F004C2A63 /* main.m */,
			);
			name = "Supporting Files";
			sourceTree = "<group>";
		};
		3492BB571BFEAD3F004C2A63 /* LessonDataPersistenceTests */ = {
			isa = PBXGroup;
			children = (
				3492BB5A1BFEAD3F004C2A63 /* LessonDataPersistenceTests.m */,
				3492BB581BFEAD3F004C2A63 /* Supporting Files */,
			);
			path = LessonDataPersistenceTests;
			sourceTree = "<group>";
		};
		3492BB581BFEAD3F004C2A63 /* Supporting Files */ = {
			isa = PBXGroup;
			children = (
				3492BB591BFEAD3F004C2A63 /* Info.plist */,
			);
			name = "Supporting Files";
			sourceTree = "<group>";
		};
/* End PBXGroup section */

/* Begin PBXNativeTarget section */
		3492BB3A1BFEAD3F004C2A63 /* LessonDataPersistence */ = {
			isa = PBXNativeTarget;
			buildConfigurationList = 3492BB5E1BFEAD3F004C2A63 /* Build configuration list for PBXNativeTarget "LessonDataPersistence" */;
			buildPhases = (
				3492BB371BFEAD3F004C2A63 /* Sources */,
				3492BB381BFEAD3F004C2A63 /* Frameworks */,
				3492BB391BFEAD3F004C2A63 /* Resources */,
			);
			buildRules = (
			);
			dependencies = (
			);
			name = LessonDataPersistence;
			productName = LessonDataPersistence;
			productReference = 3492BB3B1BFEAD3F004C2A63 /* LessonDataPersistence.app */;
			productType = "com.apple.product-type.application";
		};
		3492BB531BFEAD3F004C2A63 /* LessonDataPersistenceTests */ = {
			isa = PBXNativeTarget;
			buildConfigurationList = 3492BB611BFEAD3F004C2A63 /* Build configuration list for PBXNativeTarget "LessonDataPersistenceTests" */;
			buildPhases = (
				3492BB501BFEAD3F004C2A63 /* Sources */,
				3492BB511BFEAD3F004C2A63 /* Frameworks */,
				3492BB521BFEAD3F004C2A63 /* Resources */,
			);
			buildRules = (
			);
			dependencies = (
				3492BB561BFEAD3F004C2A63 /* PBXTargetDependency */,
			);
			name = LessonDataPersistenceTests;
			productName = LessonDataPersistenceTests;
			productReference = 3492BB541BFEAD3F004C2A63 /* LessonDataPersistenceTests.xctest */;
			productType = "com.apple.product-type.bundle.unit-test";
		};
/* End PBXNativeTarget section */

/* Begin PBXProject section */
		3492BB331BFEAD3F004C2A63 /* Project object */ = {
			isa = PBXProject;
			attributes = {
				LastUpgradeCheck = 0640;
				ORGANIZATIONNAME = lanouhn0;
				TargetAttributes = {
					3492BB3A1BFEAD3F004C2A63 = {
						CreatedOnToolsVersion = 6.4;
					};
					3492BB531BFEAD3F004C2A63 = {
						CreatedOnToolsVersion = 6.4;
						TestTargetID = 3492BB3A1BFEAD3F004C2A63;
					};
				};
			};
			buildConfigurationList = 3492BB361BFEAD3F004C2A63 /* Build configuration list for PBXProject "LessonDataPersistence" */;
			compatibilityVersion = "Xcode 3.2";
			developmentRegion = English;
			hasScannedForEncodings = 0;
			knownRegions = (
				en,
				Base,
			);
			mainGroup = 3492BB321BFEAD3F004C2A63;
			productRefGroup = 3492BB3C1BFEAD3F004C2A63 /* Products */;
			projectDirPath = "";
			projectRoot = "";
			targets = (
				3492BB3A1BFEAD3F004C2A63 /* LessonDataPersistence */,
				3492BB531BFEAD3F004C2A63 /* LessonDataPersistenceTests */,
			);
		};
/* End PBXProject section */

/* Begin PBXResourcesBuildPhase section */
		3492BB391BFEAD3F004C2A63 /* Resources */ = {
			isa = PBXResourcesBuildPhase;
			buildActionMask = 2147483647;
			files = (
				3457BE821C2D573C009EB479 /* icon.png in Resources */,
				3492BB4A1BFEAD3F004C2A63 /* Main.storyboard in Resources */,
				3492BB4F1BFEAD3F004C2A63 /* LaunchScreen.xib in Resources */,
				3492BB4C1BFEAD3F004C2A63 /* Images.xcassets in Resources */,
			);
			runOnlyForDeploymentPostprocessing = 0;
		};
		3492BB521BFEAD3F004C2A63 /* Resources */ = {
			isa = PBXResourcesBuildPhase;
			buildActionMask = 2147483647;
			files = (
			);
			runOnlyForDeploymentPostprocessing = 0;
		};
/* End PBXResourcesBuildPhase section */

/* Begin PBXSourcesBuildPhase section */
		3492BB371BFEAD3F004C2A63 /* Sources */ = {
			isa = PBXSourcesBuildPhase;
			buildActionMask = 2147483647;
			files = (
				3492BB691BFEAF68004C2A63 /* SecondViewController.m in Sources */,
				3492BB441BFEAD3F004C2A63 /* AppDelegate.m in Sources */,
				34D1D54C1BFF08A300E7D383 /* Contact.m in Sources */,
				F10D4CE21CE1E17500A16516 /* NSFileManagerViewController.m in Sources */,
				3492BB661BFEAF36004C2A63 /* FirstViewController.m in Sources */,
				3492BB411BFEAD3F004C2A63 /* main.m in Sources */,
			);
			runOnlyForDeploymentPostprocessing = 0;
		};
		3492BB501BFEAD3F004C2A63 /* Sources */ = {
			isa = PBXSourcesBuildPhase;
			buildActionMask = 2147483647;
			files = (
				3492BB5B1BFEAD3F004C2A63 /* LessonDataPersistenceTests.m in Sources */,
			);
			runOnlyForDeploymentPostprocessing = 0;
		};
/* End PBXSourcesBuildPhase section */

/* Begin PBXTargetDependency section */
		3492BB561BFEAD3F004C2A63 /* PBXTargetDependency */ = {
			isa = PBXTargetDependency;
			target = 3492BB3A1BFEAD3F004C2A63 /* LessonDataPersistence */;
			targetProxy = 3492BB551BFEAD3F004C2A63 /* PBXContainerItemProxy */;
		};
/* End PBXTargetDependency section */

/* Begin PBXVariantGroup section */
		3492BB481BFEAD3F004C2A63 /* Main.storyboard */ = {
			isa = PBXVariantGroup;
			children = (
				3492BB491BFEAD3F004C2A63 /* Base */,
			);
			name = Main.storyboard;
			sourceTree = "<group>";
		};
		3492BB4D1BFEAD3F004C2A63 /* LaunchScreen.xib */ = {
			isa = PBXVariantGroup;
			children = (
				3492BB4E1BFEAD3F004C2A63 /* Base */,
			);
			name = LaunchScreen.xib;
			sourceTree = "<group>";
		};
/* End PBXVariantGroup section */

/* Begin XCBuildConfiguration section */
		3492BB5C1BFEAD3F004C2A63 /* Debug */ = {
			isa = XCBuildConfiguration;
			buildSettings = {
				ALWAYS_SEARCH_USER_PATHS = NO;
				CLANG_CXX_LANGUAGE_STANDARD = "gnu++0x";
				CLANG_CXX_LIBRARY = "libc++";
				CLANG_ENABLE_MODULES = YES;
				CLANG_ENABLE_OBJC_ARC = YES;
				CLANG_WARN_BOOL_CONVERSION = YES;
				CLANG_WARN_CONSTANT_CONVERSION = YES;
				CLANG_WARN_DIRECT_OBJC_ISA_USAGE = YES_ERROR;
				CLANG_WARN_EMPTY_BODY = YES;
				CLANG_WARN_ENUM_CONVERSION = YES;
				CLANG_WARN_INT_CONVERSION = YES;
				CLANG_WARN_OBJC_ROOT_CLASS = YES_ERROR;
				CLANG_WARN_UNREACHABLE_CODE = YES;
				CLANG_WARN__DUPLICATE_METHOD_MATCH = YES;
				"CODE_SIGN_IDENTITY[sdk=iphoneos*]" = "iPhone Developer";
				COPY_PHASE_STRIP = NO;
				DEBUG_INFORMATION_FORMAT = "dwarf-with-dsym";
				ENABLE_STRICT_OBJC_MSGSEND = YES;
				GCC_C_LANGUAGE_STANDARD = gnu99;
				GCC_DYNAMIC_NO_PIC = NO;
				GCC_NO_COMMON_BLOCKS = YES;
				GCC_OPTIMIZATION_LEVEL = 0;
				GCC_PREPROCESSOR_DEFINITIONS = (
					"DEBUG=1",
					"$(inherited)",
				);
				GCC_SYMBOLS_PRIVATE_EXTERN = NO;
				GCC_WARN_64_TO_32_BIT_CONVERSION = YES;
				GCC_WARN_ABOUT_RETURN_TYPE = YES_ERROR;
				GCC_WARN_UNDECLARED_SELECTOR = YES;
				GCC_WARN_UNINITIALIZED_AUTOS = YES_AGGRESSIVE;
				GCC_WARN_UNUSED_FUNCTION = YES;
				GCC_WARN_UNUSED_VARIABLE = YES;
				IPHONEOS_DEPLOYMENT_TARGET = 8.4;
				MTL_ENABLE_DEBUG_INFO = YES;
				ONLY_ACTIVE_ARCH = YES;
				SDKROOT = iphoneos;
			};
			name = Debug;
		};
		3492BB5D1BFEAD3F004C2A63 /* Release */ = {
			isa = XCBuildConfiguration;
			buildSettings = {
				ALWAYS_SEARCH_USER_PATHS = NO;
				CLANG_CXX_LANGUAGE_STANDARD = "gnu++0x";
				CLANG_CXX_LIBRARY = "libc++";
				CLANG_ENABLE_MODULES = YES;
				CLANG_ENABLE_OBJC_ARC = YES;
				CLANG_WARN_BOOL_CONVERSION = YES;
				CLANG_WARN_CONSTANT_CONVERSION = YES;
				CLANG_WARN_DIRECT_OBJC_ISA_USAGE = YES_ERROR;
				CLANG_WARN_EMPTY_BODY = YES;
				CLANG_WARN_ENUM_CONVERSION = YES;
				CLANG_WARN_INT_CONVERSION = YES;
				CLANG_WARN_OBJC_ROOT_CLASS = YES_ERROR;
				CLANG_WARN_UNREACHABLE_CODE = YES;
				CLANG_WARN__DUPLICATE_METHOD_MATCH = YES;
				"CODE_SIGN_IDENTITY[sdk=iphoneos*]" = "iPhone Developer";
				COPY_PHASE_STRIP = NO;
				DEBUG_INFORMATION_FORMAT = "dwarf-with-dsym";
				ENABLE_NS_ASSERTIONS = NO;
				ENABLE_STRICT_OBJC_MSGSEND = YES;
				GCC_C_LANGUAGE_STANDARD = gnu99;
				GCC_NO_COMMON_BLOCKS = YES;
				GCC_WARN_64_TO_32_BIT_CONVERSION = YES;
				GCC_WARN_ABOUT_RETURN_TYPE = YES_ERROR;
				GCC_WARN_UNDECLARED_SELECTOR = YES;
				GCC_WARN_UNINITIALIZED_AUTOS = YES_AGGRESSIVE;
				GCC_WARN_UNUSED_FUNCTION = YES;
				GCC_WARN_UNUSED_VARIABLE = YES;
				IPHONEOS_DEPLOYMENT_TARGET = 8.4;
				MTL_ENABLE_DEBUG_INFO = NO;
				SDKROOT = iphoneos;
				VALIDATE_PRODUCT = YES;
			};
			name = Release;
		};
		3492BB5F1BFEAD3F004C2A63 /* Debug */ = {
			isa = XCBuildConfiguration;
			buildSettings = {
				ASSETCATALOG_COMPILER_APPICON_NAME = AppIcon;
				CLANG_ENABLE_OBJC_ARC = NO;
				INFOPLIST_FILE = LessonDataPersistence/Info.plist;
				LD_RUNPATH_SEARCH_PATHS = "$(inherited) @executable_path/Frameworks";
				PRODUCT_NAME = "$(TARGET_NAME)";
			};
			name = Debug;
		};
		3492BB601BFEAD3F004C2A63 /* Release */ = {
			isa = XCBuildConfiguration;
			buildSettings = {
				ASSETCATALOG_COMPILER_APPICON_NAME = AppIcon;
				CLANG_ENABLE_OBJC_ARC = NO;
				INFOPLIST_FILE = LessonDataPersistence/Info.plist;
				LD_RUNPATH_SEARCH_PATHS = "$(inherited) @executable_path/Frameworks";
				PRODUCT_NAME = "$(TARGET_NAME)";
			};
			name = Release;
		};
		3492BB621BFEAD3F004C2A63 /* Debug */ = {
			isa = XCBuildConfiguration;
			buildSettings = {
				BUNDLE_LOADER = "$(TEST_HOST)";
				FRAMEWORK_SEARCH_PATHS = (
					"$(SDKROOT)/Developer/Library/Frameworks",
					"$(inherited)",
				);
				GCC_PREPROCESSOR_DEFINITIONS = (
					"DEBUG=1",
					"$(inherited)",
				);
				INFOPLIST_FILE = LessonDataPersistenceTests/Info.plist;
				LD_RUNPATH_SEARCH_PATHS = "$(inherited) @executable_path/Frameworks @loader_path/Frameworks";
				PRODUCT_NAME = "$(TARGET_NAME)";
				TEST_HOST = "$(BUILT_PRODUCTS_DIR)/LessonDataPersistence.app/LessonDataPersistence";
			};
			name = Debug;
		};
		3492BB631BFEAD3F004C2A63 /* Release */ = {
			isa = XCBuildConfiguration;
			buildSettings = {
				BUNDLE_LOADER = "$(TEST_HOST)";
				FRAMEWORK_SEARCH_PATHS = (
					"$(SDKROOT)/Developer/Library/Frameworks",
					"$(inherited)",
				);
				INFOPLIST_FILE = LessonDataPersistenceTests/Info.plist;
				LD_RUNPATH_SEARCH_PATHS = "$(inherited) @executable_path/Frameworks @loader_path/Frameworks";
				PRODUCT_NAME = "$(TARGET_NAME)";
				TEST_HOST = "$(BUILT_PRODUCTS_DIR)/LessonDataPersistence.app/LessonDataPersistence";
			};
			name = Release;
		};
/* End XCBuildConfiguration section */

/* Begin XCConfigurationList section */
		3492BB361BFEAD3F004C2A63 /* Build configuration list for PBXProject "LessonDataPersistence" */ = {
			isa = XCConfigurationList;
			buildConfigurations = (
				3492BB5C1BFEAD3F004C2A63 /* Debug */,
				3492BB5D1BFEAD3F004C2A63 /* Release */,
			);
			defaultConfigurationIsVisible = 0;
			defaultConfigurationName = Release;
		};
		3492BB5E1BFEAD3F004C2A63 /* Build configuration list for PBXNativeTarget "LessonDataPersistence" */ = {
			isa = XCConfigurationList;
			buildConfigurations = (
				3492BB5F1BFEAD3F004C2A63 /* Debug */,
				3492BB601BFEAD3F004C2A63 /* Release */,
			);
			defaultConfigurationIsVisible = 0;
			defaultConfigurationName = Release;
		};
		3492BB611BFEAD3F004C2A63 /* Build configuration list for PBXNativeTarget "LessonDataPersistenceTests" */ = {
			isa = XCConfigurationList;
			buildConfigurations = (
				3492BB621BFEAD3F004C2A63 /* Debug */,
				3492BB631BFEAD3F004C2A63 /* Release */,
			);
			defaultConfigurationIsVisible = 0;
			defaultConfigurationName = Release;
		};
/* End XCConfigurationList section */
	};
	rootObject = 3492BB331BFEAD3F004C2A63 /* Project object */;
}
