// !$*UTF8*$!
{
	archiveVersion = 1;
	classes = {
	};
	objectVersion = 46;
	objects = {

/* Begin PBXBuildFile section */
		34165AEE1C2BC9B200044D2B /* Car.m in Sources */ = {isa = PBXBuildFile; fileRef = 34165AED1C2BC9B200044D2B /* Car.m */; };
		34165AF11C2BEA5300044D2B /* FirstViewController.m in Sources */ = {isa = PBXBuildFile; fileRef = 34165AF01C2BEA5300044D2B /* FirstViewController.m */; };
		34165AF41C2BEA5C00044D2B /* SecondViewController.m in Sources */ = {isa = PBXBuildFile; fileRef = 34165AF31C2BEA5C00044D2B /* SecondViewController.m */; };
		3451663F1C2B925800DFBFC8 /* main.m in Sources */ = {isa = PBXBuildFile; fileRef = 3451663E1C2B925800DFBFC8 /* main.m */; };
		345166421C2B925800DFBFC8 /* AppDelegate.m in Sources */ = {isa = PBXBuildFile; fileRef = 345166411C2B925800DFBFC8 /* AppDelegate.m */; };
		345166441C2B925800DFBFC8 /* Images.xcassets in Resources */ = {isa = PBXBuildFile; fileRef = 345166431C2B925800DFBFC8 /* Images.xcassets */; };
		345166471C2B925800DFBFC8 /* LaunchScreen.xib in Resources */ = {isa = PBXBuildFile; fileRef = 345166451C2B925800DFBFC8 /* LaunchScreen.xib */; };
		345166531C2B925800DFBFC8 /* ShareKVCAndKVOTests.m in Sources */ = {isa = PBXBuildFile; fileRef = 345166521C2B925800DFBFC8 /* ShareKVCAndKVOTests.m */; };
		3451665E1C2B92A600DFBFC8 /* RootViewController.m in Sources */ = {isa = PBXBuildFile; fileRef = 3451665D1C2B92A600DFBFC8 /* RootViewController.m */; };
		345166611C2B942300DFBFC8 /* Book.m in Sources */ = {isa = PBXBuildFile; fileRef = 345166601C2B942300DFBFC8 /* Book.m */; };
		345166641C2BA07A00DFBFC8 /* Author.m in Sources */ = {isa = PBXBuildFile; fileRef = 345166631C2BA07A00DFBFC8 /* Author.m */; };
/* End PBXBuildFile section */

/* Begin PBXContainerItemProxy section */
		3451664D1C2B925800DFBFC8 /* PBXContainerItemProxy */ = {
			isa = PBXContainerItemProxy;
			containerPortal = 345166311C2B925700DFBFC8 /* Project object */;
			proxyType = 1;
			remoteGlobalIDString = 345166381C2B925800DFBFC8;
			remoteInfo = ShareKVCAndKVO;
		};
/* End PBXContainerItemProxy section */

/* Begin PBXFileReference section */
		34165AEC1C2BC9B200044D2B /* Car.h */ = {isa = PBXFileReference; fileEncoding = 4; lastKnownFileType = sourcecode.c.h; path = Car.h; sourceTree = "<group>"; };
		34165AED1C2BC9B200044D2B /* Car.m */ = {isa = PBXFileReference; fileEncoding = 4; lastKnownFileType = sourcecode.c.objc; path = Car.m; sourceTree = "<group>"; };
		34165AEF1C2BEA5300044D2B /* FirstViewController.h */ = {isa = PBXFileReference; fileEncoding = 4; lastKnownFileType = sourcecode.c.h; path = FirstViewController.h; sourceTree = "<group>"; };
		34165AF01C2BEA5300044D2B /* FirstViewController.m */ = {isa = PBXFileReference; fileEncoding = 4; lastKnownFileType = sourcecode.c.objc; path = FirstViewController.m; sourceTree = "<group>"; };
		34165AF21C2BEA5C00044D2B /* SecondViewController.h */ = {isa = PBXFileReference; fileEncoding = 4; lastKnownFileType = sourcecode.c.h; path = SecondViewController.h; sourceTree = "<group>"; };
		34165AF31C2BEA5C00044D2B /* SecondViewController.m */ = {isa = PBXFileReference; fileEncoding = 4; lastKnownFileType = sourcecode.c.objc; path = SecondViewController.m; sourceTree = "<group>"; };
		345166391C2B925800DFBFC8 /* ShareKVCAndKVO.app */ = {isa = PBXFileReference; explicitFileType = wrapper.application; includeInIndex = 0; path = ShareKVCAndKVO.app; sourceTree = BUILT_PRODUCTS_DIR; };
		3451663D1C2B925800DFBFC8 /* Info.plist */ = {isa = PBXFileReference; lastKnownFileType = text.plist.xml; path = Info.plist; sourceTree = "<group>"; };
		3451663E1C2B925800DFBFC8 /* main.m */ = {isa = PBXFileReference; lastKnownFileType = sourcecode.c.objc; path = main.m; sourceTree = "<group>"; };
		345166401C2B925800DFBFC8 /* AppDelegate.h */ = {isa = PBXFileReference; lastKnownFileType = sourcecode.c.h; path = AppDelegate.h; sourceTree = "<group>"; };
		345166411C2B925800DFBFC8 /* AppDelegate.m */ = {isa = PBXFileReference; lastKnownFileType = sourcecode.c.objc; path = AppDelegate.m; sourceTree = "<group>"; };
		345166431C2B925800DFBFC8 /* Images.xcassets */ = {isa = PBXFileReference; lastKnownFileType = folder.assetcatalog; path = Images.xcassets; sourceTree = "<group>"; };
		345166461C2B925800DFBFC8 /* Base */ = {isa = PBXFileReference; lastKnownFileType = file.xib; name = Base; path = Base.lproj/LaunchScreen.xib; sourceTree = "<group>"; };
		3451664C1C2B925800DFBFC8 /* ShareKVCAndKVOTests.xctest */ = {isa = PBXFileReference; explicitFileType = wrapper.cfbundle; includeInIndex = 0; path = ShareKVCAndKVOTests.xctest; sourceTree = BUILT_PRODUCTS_DIR; };
		345166511C2B925800DFBFC8 /* Info.plist */ = {isa = PBXFileReference; lastKnownFileType = text.plist.xml; path = Info.plist; sourceTree = "<group>"; };
		345166521C2B925800DFBFC8 /* ShareKVCAndKVOTests.m */ = {isa = PBXFileReference; lastKnownFileType = sourcecode.c.objc; path = ShareKVCAndKVOTests.m; sourceTree = "<group>"; };
		3451665C1C2B92A600DFBFC8 /* RootViewController.h */ = {isa = PBXFileReference; fileEncoding = 4; lastKnownFileType = sourcecode.c.h; path = RootViewController.h; sourceTree = "<group>"; };
		3451665D1C2B92A600DFBFC8 /* RootViewController.m */ = {isa = PBXFileReference; fileEncoding = 4; lastKnownFileType = sourcecode.c.objc; path = RootViewController.m; sourceTree = "<group>"; };
		3451665F1C2B942300DFBFC8 /* Book.h */ = {isa = PBXFileReference; fileEncoding = 4; lastKnownFileType = sourcecode.c.h; path = Book.h; sourceTree = "<group>"; };
		345166601C2B942300DFBFC8 /* Book.m */ = {isa = PBXFileReference; fileEncoding = 4; lastKnownFileType = sourcecode.c.objc; path = Book.m; sourceTree = "<group>"; };
		345166621C2BA07A00DFBFC8 /* Author.h */ = {isa = PBXFileReference; fileEncoding = 4; lastKnownFileType = sourcecode.c.h; path = Author.h; sourceTree = "<group>"; };
		345166631C2BA07A00DFBFC8 /* Author.m */ = {isa = PBXFileReference; fileEncoding = 4; lastKnownFileType = sourcecode.c.objc; path = Author.m; sourceTree = "<group>"; };
/* End PBXFileReference section */

/* Begin PBXFrameworksBuildPhase section */
		345166361C2B925800DFBFC8 /* Frameworks */ = {
			isa = PBXFrameworksBuildPhase;
			buildActionMask = 2147483647;
			files = (
			);
			runOnlyForDeploymentPostprocessing = 0;
		};
		345166491C2B925800DFBFC8 /* Frameworks */ = {
			isa = PBXFrameworksBuildPhase;
			buildActionMask = 2147483647;
			files = (
			);
			runOnlyForDeploymentPostprocessing = 0;
		};
/* End PBXFrameworksBuildPhase section */

/* Begin PBXGroup section */
		345166301C2B925700DFBFC8 = {
			isa = PBXGroup;
			children = (
				3451663B1C2B925800DFBFC8 /* ShareKVCAndKVO */,
				3451664F1C2B925800DFBFC8 /* ShareKVCAndKVOTests */,
				3451663A1C2B925800DFBFC8 /* Products */,
			);
			sourceTree = "<group>";
		};
		3451663A1C2B925800DFBFC8 /* Products */ = {
			isa = PBXGroup;
			children = (
				345166391C2B925800DFBFC8 /* ShareKVCAndKVO.app */,
				3451664C1C2B925800DFBFC8 /* ShareKVCAndKVOTests.xctest */,
			);
			name = Products;
			sourceTree = "<group>";
		};
		3451663B1C2B925800DFBFC8 /* ShareKVCAndKVO */ = {
			isa = PBXGroup;
			children = (
				345166401C2B925800DFBFC8 /* AppDelegate.h */,
				345166411C2B925800DFBFC8 /* AppDelegate.m */,
				3451665C1C2B92A600DFBFC8 /* RootViewController.h */,
				3451665D1C2B92A600DFBFC8 /* RootViewController.m */,
				3451665F1C2B942300DFBFC8 /* Book.h */,
				345166601C2B942300DFBFC8 /* Book.m */,
				345166621C2BA07A00DFBFC8 /* Author.h */,
				345166631C2BA07A00DFBFC8 /* Author.m */,
				34165AEC1C2BC9B200044D2B /* Car.h */,
				34165AED1C2BC9B200044D2B /* Car.m */,
				34165AEF1C2BEA5300044D2B /* FirstViewController.h */,
				34165AF01C2BEA5300044D2B /* FirstViewController.m */,
				34165AF21C2BEA5C00044D2B /* SecondViewController.h */,
				34165AF31C2BEA5C00044D2B /* SecondViewController.m */,
				345166431C2B925800DFBFC8 /* Images.xcassets */,
				345166451C2B925800DFBFC8 /* LaunchScreen.xib */,
				3451663C1C2B925800DFBFC8 /* Supporting Files */,
			);
			path = ShareKVCAndKVO;
			sourceTree = "<group>";
		};
		3451663C1C2B925800DFBFC8 /* Supporting Files */ = {
			isa = PBXGroup;
			children = (
				3451663D1C2B925800DFBFC8 /* Info.plist */,
				3451663E1C2B925800DFBFC8 /* main.m */,
			);
			name = "Supporting Files";
			sourceTree = "<group>";
		};
		3451664F1C2B925800DFBFC8 /* ShareKVCAndKVOTests */ = {
			isa = PBXGroup;
			children = (
				345166521C2B925800DFBFC8 /* ShareKVCAndKVOTests.m */,
				345166501C2B925800DFBFC8 /* Supporting Files */,
			);
			path = ShareKVCAndKVOTests;
			sourceTree = "<group>";
		};
		345166501C2B925800DFBFC8 /* Supporting Files */ = {
			isa = PBXGroup;
			children = (
				345166511C2B925800DFBFC8 /* Info.plist */,
			);
			name = "Supporting Files";
			sourceTree = "<group>";
		};
/* End PBXGroup section */

/* Begin PBXNativeTarget section */
		345166381C2B925800DFBFC8 /* ShareKVCAndKVO */ = {
			isa = PBXNativeTarget;
			buildConfigurationList = 345166561C2B925800DFBFC8 /* Build configuration list for PBXNativeTarget "ShareKVCAndKVO" */;
			buildPhases = (
				345166351C2B925800DFBFC8 /* Sources */,
				345166361C2B925800DFBFC8 /* Frameworks */,
				345166371C2B925800DFBFC8 /* Resources */,
			);
			buildRules = (
			);
			dependencies = (
			);
			name = ShareKVCAndKVO;
			productName = ShareKVCAndKVO;
			productReference = 345166391C2B925800DFBFC8 /* ShareKVCAndKVO.app */;
			productType = "com.apple.product-type.application";
		};
		3451664B1C2B925800DFBFC8 /* ShareKVCAndKVOTests */ = {
			isa = PBXNativeTarget;
			buildConfigurationList = 345166591C2B925800DFBFC8 /* Build configuration list for PBXNativeTarget "ShareKVCAndKVOTests" */;
			buildPhases = (
				345166481C2B925800DFBFC8 /* Sources */,
				345166491C2B925800DFBFC8 /* Frameworks */,
				3451664A1C2B925800DFBFC8 /* Resources */,
			);
			buildRules = (
			);
			dependencies = (
				3451664E1C2B925800DFBFC8 /* PBXTargetDependency */,
			);
			name = ShareKVCAndKVOTests;
			productName = ShareKVCAndKVOTests;
			productReference = 3451664C1C2B925800DFBFC8 /* ShareKVCAndKVOTests.xctest */;
			productType = "com.apple.product-type.bundle.unit-test";
		};
/* End PBXNativeTarget section */

/* Begin PBXProject section */
		345166311C2B925700DFBFC8 /* Project object */ = {
			isa = PBXProject;
			attributes = {
				LastUpgradeCheck = 0640;
				ORGANIZATIONNAME = lanouhn0;
				TargetAttributes = {
					345166381C2B925800DFBFC8 = {
						CreatedOnToolsVersion = 6.4;
					};
					3451664B1C2B925800DFBFC8 = {
						CreatedOnToolsVersion = 6.4;
						TestTargetID = 345166381C2B925800DFBFC8;
					};
				};
			};
			buildConfigurationList = 345166341C2B925700DFBFC8 /* Build configuration list for PBXProject "ShareKVCAndKVO" */;
			compatibilityVersion = "Xcode 3.2";
			developmentRegion = English;
			hasScannedForEncodings = 0;
			knownRegions = (
				en,
				Base,
			);
			mainGroup = 345166301C2B925700DFBFC8;
			productRefGroup = 3451663A1C2B925800DFBFC8 /* Products */;
			projectDirPath = "";
			projectRoot = "";
			targets = (
				345166381C2B925800DFBFC8 /* ShareKVCAndKVO */,
				3451664B1C2B925800DFBFC8 /* ShareKVCAndKVOTests */,
			);
		};
/* End PBXProject section */

/* Begin PBXResourcesBuildPhase section */
		345166371C2B925800DFBFC8 /* Resources */ = {
			isa = PBXResourcesBuildPhase;
			buildActionMask = 2147483647;
			files = (
				345166471C2B925800DFBFC8 /* LaunchScreen.xib in Resources */,
				345166441C2B925800DFBFC8 /* Images.xcassets in Resources */,
			);
			runOnlyForDeploymentPostprocessing = 0;
		};
		3451664A1C2B925800DFBFC8 /* Resources */ = {
			isa = PBXResourcesBuildPhase;
			buildActionMask = 2147483647;
			files = (
			);
			runOnlyForDeploymentPostprocessing = 0;
		};
/* End PBXResourcesBuildPhase section */

/* Begin PBXSourcesBuildPhase section */
		345166351C2B925800DFBFC8 /* Sources */ = {
			isa = PBXSourcesBuildPhase;
			buildActionMask = 2147483647;
			files = (
				34165AEE1C2BC9B200044D2B /* Car.m in Sources */,
				345166611C2B942300DFBFC8 /* Book.m in Sources */,
				34165AF11C2BEA5300044D2B /* FirstViewController.m in Sources */,
				345166421C2B925800DFBFC8 /* AppDelegate.m in Sources */,
				34165AF41C2BEA5C00044D2B /* SecondViewController.m in Sources */,
				3451663F1C2B925800DFBFC8 /* main.m in Sources */,
				3451665E1C2B92A600DFBFC8 /* RootViewController.m in Sources */,
				345166641C2BA07A00DFBFC8 /* Author.m in Sources */,
			);
			runOnlyForDeploymentPostprocessing = 0;
		};
		345166481C2B925800DFBFC8 /* Sources */ = {
			isa = PBXSourcesBuildPhase;
			buildActionMask = 2147483647;
			files = (
				345166531C2B925800DFBFC8 /* ShareKVCAndKVOTests.m in Sources */,
			);
			runOnlyForDeploymentPostprocessing = 0;
		};
/* End PBXSourcesBuildPhase section */

/* Begin PBXTargetDependency section */
		3451664E1C2B925800DFBFC8 /* PBXTargetDependency */ = {
			isa = PBXTargetDependency;
			target = 345166381C2B925800DFBFC8 /* ShareKVCAndKVO */;
			targetProxy = 3451664D1C2B925800DFBFC8 /* PBXContainerItemProxy */;
		};
/* End PBXTargetDependency section */

/* Begin PBXVariantGroup section */
		345166451C2B925800DFBFC8 /* LaunchScreen.xib */ = {
			isa = PBXVariantGroup;
			children = (
				345166461C2B925800DFBFC8 /* Base */,
			);
			name = LaunchScreen.xib;
			sourceTree = "<group>";
		};
/* End PBXVariantGroup section */

/* Begin XCBuildConfiguration section */
		345166541C2B925800DFBFC8 /* Debug */ = {
			isa = XCBuildConfiguration;
			buildSettings = {
				ALWAYS_SEARCH_USER_PATHS = NO;
				CLANG_CXX_LANGUAGE_STANDARD = "gnu++0x";
				CLANG_CXX_LIBRARY = "libc++";
				CLANG_ENABLE_MODULES = YES;
				CLANG_ENABLE_OBJC_ARC = YES;
				CLANG_WARN_BOOL_CONVERSION = YES;
				CLANG_WARN_CONSTANT_CONVERSION = YES;
				CLANG_WARN_DIRECT_OBJC_ISA_USAGE = YES_ERROR;
				CLANG_WARN_EMPTY_BODY = YES;
				CLANG_WARN_ENUM_CONVERSION = YES;
				CLANG_WARN_INT_CONVERSION = YES;
				CLANG_WARN_OBJC_ROOT_CLASS = YES_ERROR;
				CLANG_WARN_UNREACHABLE_CODE = YES;
				CLANG_WARN__DUPLICATE_METHOD_MATCH = YES;
				"CODE_SIGN_IDENTITY[sdk=iphoneos*]" = "iPhone Developer";
				COPY_PHASE_STRIP = NO;
				DEBUG_INFORMATION_FORMAT = "dwarf-with-dsym";
				ENABLE_STRICT_OBJC_MSGSEND = YES;
				GCC_C_LANGUAGE_STANDARD = gnu99;
				GCC_DYNAMIC_NO_PIC = NO;
				GCC_NO_COMMON_BLOCKS = YES;
				GCC_OPTIMIZATION_LEVEL = 0;
				GCC_PREPROCESSOR_DEFINITIONS = (
					"DEBUG=1",
					"$(inherited)",
				);
				GCC_SYMBOLS_PRIVATE_EXTERN = NO;
				GCC_WARN_64_TO_32_BIT_CONVERSION = YES;
				GCC_WARN_ABOUT_RETURN_TYPE = YES_ERROR;
				GCC_WARN_UNDECLARED_SELECTOR = YES;
				GCC_WARN_UNINITIALIZED_AUTOS = YES_AGGRESSIVE;
				GCC_WARN_UNUSED_FUNCTION = YES;
				GCC_WARN_UNUSED_VARIABLE = YES;
				IPHONEOS_DEPLOYMENT_TARGET = 8.4;
				MTL_ENABLE_DEBUG_INFO = YES;
				ONLY_ACTIVE_ARCH = YES;
				SDKROOT = iphoneos;
			};
			name = Debug;
		};
		345166551C2B925800DFBFC8 /* Release */ = {
			isa = XCBuildConfiguration;
			buildSettings = {
				ALWAYS_SEARCH_USER_PATHS = NO;
				CLANG_CXX_LANGUAGE_STANDARD = "gnu++0x";
				CLANG_CXX_LIBRARY = "libc++";
				CLANG_ENABLE_MODULES = YES;
				CLANG_ENABLE_OBJC_ARC = YES;
				CLANG_WARN_BOOL_CONVERSION = YES;
				CLANG_WARN_CONSTANT_CONVERSION = YES;
				CLANG_WARN_DIRECT_OBJC_ISA_USAGE = YES_ERROR;
				CLANG_WARN_EMPTY_BODY = YES;
				CLANG_WARN_ENUM_CONVERSION = YES;
				CLANG_WARN_INT_CONVERSION = YES;
				CLANG_WARN_OBJC_ROOT_CLASS = YES_ERROR;
				CLANG_WARN_UNREACHABLE_CODE = YES;
				CLANG_WARN__DUPLICATE_METHOD_MATCH = YES;
				"CODE_SIGN_IDENTITY[sdk=iphoneos*]" = "iPhone Developer";
				COPY_PHASE_STRIP = NO;
				DEBUG_INFORMATION_FORMAT = "dwarf-with-dsym";
				ENABLE_NS_ASSERTIONS = NO;
				ENABLE_STRICT_OBJC_MSGSEND = YES;
				GCC_C_LANGUAGE_STANDARD = gnu99;
				GCC_NO_COMMON_BLOCKS = YES;
				GCC_WARN_64_TO_32_BIT_CONVERSION = YES;
				GCC_WARN_ABOUT_RETURN_TYPE = YES_ERROR;
				GCC_WARN_UNDECLARED_SELECTOR = YES;
				GCC_WARN_UNINITIALIZED_AUTOS = YES_AGGRESSIVE;
				GCC_WARN_UNUSED_FUNCTION = YES;
				GCC_WARN_UNUSED_VARIABLE = YES;
				IPHONEOS_DEPLOYMENT_TARGET = 8.4;
				MTL_ENABLE_DEBUG_INFO = NO;
				SDKROOT = iphoneos;
				VALIDATE_PRODUCT = YES;
			};
			name = Release;
		};
		345166571C2B925800DFBFC8 /* Debug */ = {
			isa = XCBuildConfiguration;
			buildSettings = {
				ASSETCATALOG_COMPILER_APPICON_NAME = AppIcon;
				INFOPLIST_FILE = ShareKVCAndKVO/Info.plist;
				LD_RUNPATH_SEARCH_PATHS = "$(inherited) @executable_path/Frameworks";
				PRODUCT_NAME = "$(TARGET_NAME)";
			};
			name = Debug;
		};
		345166581C2B925800DFBFC8 /* Release */ = {
			isa = XCBuildConfiguration;
			buildSettings = {
				ASSETCATALOG_COMPILER_APPICON_NAME = AppIcon;
				INFOPLIST_FILE = ShareKVCAndKVO/Info.plist;
				LD_RUNPATH_SEARCH_PATHS = "$(inherited) @executable_path/Frameworks";
				PRODUCT_NAME = "$(TARGET_NAME)";
			};
			name = Release;
		};
		3451665A1C2B925800DFBFC8 /* Debug */ = {
			isa = XCBuildConfiguration;
			buildSettings = {
				BUNDLE_LOADER = "$(TEST_HOST)";
				FRAMEWORK_SEARCH_PATHS = (
					"$(SDKROOT)/Developer/Library/Frameworks",
					"$(inherited)",
				);
				GCC_PREPROCESSOR_DEFINITIONS = (
					"DEBUG=1",
					"$(inherited)",
				);
				INFOPLIST_FILE = ShareKVCAndKVOTests/Info.plist;
				LD_RUNPATH_SEARCH_PATHS = "$(inherited) @executable_path/Frameworks @loader_path/Frameworks";
				PRODUCT_NAME = "$(TARGET_NAME)";
				TEST_HOST = "$(BUILT_PRODUCTS_DIR)/ShareKVCAndKVO.app/ShareKVCAndKVO";
			};
			name = Debug;
		};
		3451665B1C2B925800DFBFC8 /* Release */ = {
			isa = XCBuildConfiguration;
			buildSettings = {
				BUNDLE_LOADER = "$(TEST_HOST)";
				FRAMEWORK_SEARCH_PATHS = (
					"$(SDKROOT)/Developer/Library/Frameworks",
					"$(inherited)",
				);
				INFOPLIST_FILE = ShareKVCAndKVOTests/Info.plist;
				LD_RUNPATH_SEARCH_PATHS = "$(inherited) @executable_path/Frameworks @loader_path/Frameworks";
				PRODUCT_NAME = "$(TARGET_NAME)";
				TEST_HOST = "$(BUILT_PRODUCTS_DIR)/ShareKVCAndKVO.app/ShareKVCAndKVO";
			};
			name = Release;
		};
/* End XCBuildConfiguration section */

/* Begin XCConfigurationList section */
		345166341C2B925700DFBFC8 /* Build configuration list for PBXProject "ShareKVCAndKVO" */ = {
			isa = XCConfigurationList;
			buildConfigurations = (
				345166541C2B925800DFBFC8 /* Debug */,
				345166551C2B925800DFBFC8 /* Release */,
			);
			defaultConfigurationIsVisible = 0;
			defaultConfigurationName = Release;
		};
		345166561C2B925800DFBFC8 /* Build configuration list for PBXNativeTarget "ShareKVCAndKVO" */ = {
			isa = XCConfigurationList;
			buildConfigurations = (
				345166571C2B925800DFBFC8 /* Debug */,
				345166581C2B925800DFBFC8 /* Release */,
			);
			defaultConfigurationIsVisible = 0;
			defaultConfigurationName = Release;
		};
		345166591C2B925800DFBFC8 /* Build configuration list for PBXNativeTarget "ShareKVCAndKVOTests" */ = {
			isa = XCConfigurationList;
			buildConfigurations = (
				3451665A1C2B925800DFBFC8 /* Debug */,
				3451665B1C2B925800DFBFC8 /* Release */,
			);
			defaultConfigurationIsVisible = 0;
			defaultConfigurationName = Release;
		};
/* End XCConfigurationList section */
	};
	rootObject = 345166311C2B925700DFBFC8 /* Project object */;
}
