// !$*UTF8*$!
{
	archiveVersion = 1;
	classes = {
	};
	objectVersion = 48;
	objects = {

/* Begin PBXBuildFile section */
		84DBFE542060D555006D6925 /* AppDelegate.swift in Sources */ = {isa = PBXBuildFile; fileRef = 84DBFE532060D555006D6925 /* AppDelegate.swift */; };
		84DBFE562060D555006D6925 /* ViewController.swift in Sources */ = {isa = PBXBuildFile; fileRef = 84DBFE552060D555006D6925 /* ViewController.swift */; };
		84DBFE592060D555006D6925 /* Main.storyboard in Resources */ = {isa = PBXBuildFile; fileRef = 84DBFE572060D555006D6925 /* Main.storyboard */; };
		84DBFE5B2060D555006D6925 /* Assets.xcassets in Resources */ = {isa = PBXBuildFile; fileRef = 84DBFE5A2060D555006D6925 /* Assets.xcassets */; };
		84DBFE5E2060D555006D6925 /* LaunchScreen.storyboard in Resources */ = {isa = PBXBuildFile; fileRef = 84DBFE5C2060D555006D6925 /* LaunchScreen.storyboard */; };
		84DBFE692060D555006D6925 /* DeinitializationTests.swift in Sources */ = {isa = PBXBuildFile; fileRef = 84DBFE682060D555006D6925 /* DeinitializationTests.swift */; };
		84DBFE742060D555006D6925 /* DeinitializationUITests.swift in Sources */ = {isa = PBXBuildFile; fileRef = 84DBFE732060D555006D6925 /* DeinitializationUITests.swift */; };
		84DBFE822060FAEA006D6925 /* SecondViewController.swift in Sources */ = {isa = PBXBuildFile; fileRef = 84DBFE812060FAEA006D6925 /* SecondViewController.swift */; };
/* End PBXBuildFile section */

/* Begin PBXContainerItemProxy section */
		84DBFE652060D555006D6925 /* PBXContainerItemProxy */ = {
			isa = PBXContainerItemProxy;
			containerPortal = 84DBFE482060D555006D6925 /* Project object */;
			proxyType = 1;
			remoteGlobalIDString = 84DBFE4F2060D555006D6925;
			remoteInfo = Deinitialization;
		};
		84DBFE702060D555006D6925 /* PBXContainerItemProxy */ = {
			isa = PBXContainerItemProxy;
			containerPortal = 84DBFE482060D555006D6925 /* Project object */;
			proxyType = 1;
			remoteGlobalIDString = 84DBFE4F2060D555006D6925;
			remoteInfo = Deinitialization;
		};
/* End PBXContainerItemProxy section */

/* Begin PBXFileReference section */
		84DBFE502060D555006D6925 /* Deinitialization.app */ = {isa = PBXFileReference; explicitFileType = wrapper.application; includeInIndex = 0; path = Deinitialization.app; sourceTree = BUILT_PRODUCTS_DIR; };
		84DBFE532060D555006D6925 /* AppDelegate.swift */ = {isa = PBXFileReference; lastKnownFileType = sourcecode.swift; path = AppDelegate.swift; sourceTree = "<group>"; };
		84DBFE552060D555006D6925 /* ViewController.swift */ = {isa = PBXFileReference; lastKnownFileType = sourcecode.swift; path = ViewController.swift; sourceTree = "<group>"; };
		84DBFE582060D555006D6925 /* Base */ = {isa = PBXFileReference; lastKnownFileType = file.storyboard; name = Base; path = Base.lproj/Main.storyboard; sourceTree = "<group>"; };
		84DBFE5A2060D555006D6925 /* Assets.xcassets */ = {isa = PBXFileReference; lastKnownFileType = folder.assetcatalog; path = Assets.xcassets; sourceTree = "<group>"; };
		84DBFE5D2060D555006D6925 /* Base */ = {isa = PBXFileReference; lastKnownFileType = file.storyboard; name = Base; path = Base.lproj/LaunchScreen.storyboard; sourceTree = "<group>"; };
		84DBFE5F2060D555006D6925 /* Info.plist */ = {isa = PBXFileReference; lastKnownFileType = text.plist.xml; path = Info.plist; sourceTree = "<group>"; };
		84DBFE642060D555006D6925 /* DeinitializationTests.xctest */ = {isa = PBXFileReference; explicitFileType = wrapper.cfbundle; includeInIndex = 0; path = DeinitializationTests.xctest; sourceTree = BUILT_PRODUCTS_DIR; };
		84DBFE682060D555006D6925 /* DeinitializationTests.swift */ = {isa = PBXFileReference; lastKnownFileType = sourcecode.swift; path = DeinitializationTests.swift; sourceTree = "<group>"; };
		84DBFE6A2060D555006D6925 /* Info.plist */ = {isa = PBXFileReference; lastKnownFileType = text.plist.xml; path = Info.plist; sourceTree = "<group>"; };
		84DBFE6F2060D555006D6925 /* DeinitializationUITests.xctest */ = {isa = PBXFileReference; explicitFileType = wrapper.cfbundle; includeInIndex = 0; path = DeinitializationUITests.xctest; sourceTree = BUILT_PRODUCTS_DIR; };
		84DBFE732060D555006D6925 /* DeinitializationUITests.swift */ = {isa = PBXFileReference; lastKnownFileType = sourcecode.swift; path = DeinitializationUITests.swift; sourceTree = "<group>"; };
		84DBFE752060D555006D6925 /* Info.plist */ = {isa = PBXFileReference; lastKnownFileType = text.plist.xml; path = Info.plist; sourceTree = "<group>"; };
		84DBFE812060FAEA006D6925 /* SecondViewController.swift */ = {isa = PBXFileReference; lastKnownFileType = sourcecode.swift; path = SecondViewController.swift; sourceTree = "<group>"; };
/* End PBXFileReference section */

/* Begin PBXFrameworksBuildPhase section */
		84DBFE4D2060D555006D6925 /* Frameworks */ = {
			isa = PBXFrameworksBuildPhase;
			buildActionMask = 2147483647;
			files = (
			);
			runOnlyForDeploymentPostprocessing = 0;
		};
		84DBFE612060D555006D6925 /* Frameworks */ = {
			isa = PBXFrameworksBuildPhase;
			buildActionMask = 2147483647;
			files = (
			);
			runOnlyForDeploymentPostprocessing = 0;
		};
		84DBFE6C2060D555006D6925 /* Frameworks */ = {
			isa = PBXFrameworksBuildPhase;
			buildActionMask = 2147483647;
			files = (
			);
			runOnlyForDeploymentPostprocessing = 0;
		};
/* End PBXFrameworksBuildPhase section */

/* Begin PBXGroup section */
		84DBFE472060D555006D6925 = {
			isa = PBXGroup;
			children = (
				84DBFE522060D555006D6925 /* Deinitialization */,
				84DBFE672060D555006D6925 /* DeinitializationTests */,
				84DBFE722060D555006D6925 /* DeinitializationUITests */,
				84DBFE512060D555006D6925 /* Products */,
			);
			sourceTree = "<group>";
		};
		84DBFE512060D555006D6925 /* Products */ = {
			isa = PBXGroup;
			children = (
				84DBFE502060D555006D6925 /* Deinitialization.app */,
				84DBFE642060D555006D6925 /* DeinitializationTests.xctest */,
				84DBFE6F2060D555006D6925 /* DeinitializationUITests.xctest */,
			);
			name = Products;
			sourceTree = "<group>";
		};
		84DBFE522060D555006D6925 /* Deinitialization */ = {
			isa = PBXGroup;
			children = (
				84DBFE532060D555006D6925 /* AppDelegate.swift */,
				84DBFE552060D555006D6925 /* ViewController.swift */,
				84DBFE812060FAEA006D6925 /* SecondViewController.swift */,
				84DBFE572060D555006D6925 /* Main.storyboard */,
				84DBFE5A2060D555006D6925 /* Assets.xcassets */,
				84DBFE5C2060D555006D6925 /* LaunchScreen.storyboard */,
				84DBFE5F2060D555006D6925 /* Info.plist */,
			);
			path = Deinitialization;
			sourceTree = "<group>";
		};
		84DBFE672060D555006D6925 /* DeinitializationTests */ = {
			isa = PBXGroup;
			children = (
				84DBFE682060D555006D6925 /* DeinitializationTests.swift */,
				84DBFE6A2060D555006D6925 /* Info.plist */,
			);
			path = DeinitializationTests;
			sourceTree = "<group>";
		};
		84DBFE722060D555006D6925 /* DeinitializationUITests */ = {
			isa = PBXGroup;
			children = (
				84DBFE732060D555006D6925 /* DeinitializationUITests.swift */,
				84DBFE752060D555006D6925 /* Info.plist */,
			);
			path = DeinitializationUITests;
			sourceTree = "<group>";
		};
/* End PBXGroup section */

/* Begin PBXNativeTarget section */
		84DBFE4F2060D555006D6925 /* Deinitialization */ = {
			isa = PBXNativeTarget;
			buildConfigurationList = 84DBFE782060D555006D6925 /* Build configuration list for PBXNativeTarget "Deinitialization" */;
			buildPhases = (
				84DBFE4C2060D555006D6925 /* Sources */,
				84DBFE4D2060D555006D6925 /* Frameworks */,
				84DBFE4E2060D555006D6925 /* Resources */,
			);
			buildRules = (
			);
			dependencies = (
			);
			name = Deinitialization;
			productName = Deinitialization;
			productReference = 84DBFE502060D555006D6925 /* Deinitialization.app */;
			productType = "com.apple.product-type.application";
		};
		84DBFE632060D555006D6925 /* DeinitializationTests */ = {
			isa = PBXNativeTarget;
			buildConfigurationList = 84DBFE7B2060D555006D6925 /* Build configuration list for PBXNativeTarget "DeinitializationTests" */;
			buildPhases = (
				84DBFE602060D555006D6925 /* Sources */,
				84DBFE612060D555006D6925 /* Frameworks */,
				84DBFE622060D555006D6925 /* Resources */,
			);
			buildRules = (
			);
			dependencies = (
				84DBFE662060D555006D6925 /* PBXTargetDependency */,
			);
			name = DeinitializationTests;
			productName = DeinitializationTests;
			productReference = 84DBFE642060D555006D6925 /* DeinitializationTests.xctest */;
			productType = "com.apple.product-type.bundle.unit-test";
		};
		84DBFE6E2060D555006D6925 /* DeinitializationUITests */ = {
			isa = PBXNativeTarget;
			buildConfigurationList = 84DBFE7E2060D555006D6925 /* Build configuration list for PBXNativeTarget "DeinitializationUITests" */;
			buildPhases = (
				84DBFE6B2060D555006D6925 /* Sources */,
				84DBFE6C2060D555006D6925 /* Frameworks */,
				84DBFE6D2060D555006D6925 /* Resources */,
			);
			buildRules = (
			);
			dependencies = (
				84DBFE712060D555006D6925 /* PBXTargetDependency */,
			);
			name = DeinitializationUITests;
			productName = DeinitializationUITests;
			productReference = 84DBFE6F2060D555006D6925 /* DeinitializationUITests.xctest */;
			productType = "com.apple.product-type.bundle.ui-testing";
		};
/* End PBXNativeTarget section */

/* Begin PBXProject section */
		84DBFE482060D555006D6925 /* Project object */ = {
			isa = PBXProject;
			attributes = {
				LastSwiftUpdateCheck = 0920;
				LastUpgradeCheck = 0920;
				ORGANIZATIONNAME = admin;
				TargetAttributes = {
					84DBFE4F2060D555006D6925 = {
						CreatedOnToolsVersion = 9.2;
						ProvisioningStyle = Automatic;
					};
					84DBFE632060D555006D6925 = {
						CreatedOnToolsVersion = 9.2;
						ProvisioningStyle = Automatic;
						TestTargetID = 84DBFE4F2060D555006D6925;
					};
					84DBFE6E2060D555006D6925 = {
						CreatedOnToolsVersion = 9.2;
						ProvisioningStyle = Automatic;
						TestTargetID = 84DBFE4F2060D555006D6925;
					};
				};
			};
			buildConfigurationList = 84DBFE4B2060D555006D6925 /* Build configuration list for PBXProject "Deinitialization" */;
			compatibilityVersion = "Xcode 8.0";
			developmentRegion = en;
			hasScannedForEncodings = 0;
			knownRegions = (
				en,
				Base,
			);
			mainGroup = 84DBFE472060D555006D6925;
			productRefGroup = 84DBFE512060D555006D6925 /* Products */;
			projectDirPath = "";
			projectRoot = "";
			targets = (
				84DBFE4F2060D555006D6925 /* Deinitialization */,
				84DBFE632060D555006D6925 /* DeinitializationTests */,
				84DBFE6E2060D555006D6925 /* DeinitializationUITests */,
			);
		};
/* End PBXProject section */

/* Begin PBXResourcesBuildPhase section */
		84DBFE4E2060D555006D6925 /* Resources */ = {
			isa = PBXResourcesBuildPhase;
			buildActionMask = 2147483647;
			files = (
				84DBFE5E2060D555006D6925 /* LaunchScreen.storyboard in Resources */,
				84DBFE5B2060D555006D6925 /* Assets.xcassets in Resources */,
				84DBFE592060D555006D6925 /* Main.storyboard in Resources */,
			);
			runOnlyForDeploymentPostprocessing = 0;
		};
		84DBFE622060D555006D6925 /* Resources */ = {
			isa = PBXResourcesBuildPhase;
			buildActionMask = 2147483647;
			files = (
			);
			runOnlyForDeploymentPostprocessing = 0;
		};
		84DBFE6D2060D555006D6925 /* Resources */ = {
			isa = PBXResourcesBuildPhase;
			buildActionMask = 2147483647;
			files = (
			);
			runOnlyForDeploymentPostprocessing = 0;
		};
/* End PBXResourcesBuildPhase section */

/* Begin PBXSourcesBuildPhase section */
		84DBFE4C2060D555006D6925 /* Sources */ = {
			isa = PBXSourcesBuildPhase;
			buildActionMask = 2147483647;
			files = (
				84DBFE822060FAEA006D6925 /* SecondViewController.swift in Sources */,
				84DBFE562060D555006D6925 /* ViewController.swift in Sources */,
				84DBFE542060D555006D6925 /* AppDelegate.swift in Sources */,
			);
			runOnlyForDeploymentPostprocessing = 0;
		};
		84DBFE602060D555006D6925 /* Sources */ = {
			isa = PBXSourcesBuildPhase;
			buildActionMask = 2147483647;
			files = (
				84DBFE692060D555006D6925 /* DeinitializationTests.swift in Sources */,
			);
			runOnlyForDeploymentPostprocessing = 0;
		};
		84DBFE6B2060D555006D6925 /* Sources */ = {
			isa = PBXSourcesBuildPhase;
			buildActionMask = 2147483647;
			files = (
				84DBFE742060D555006D6925 /* DeinitializationUITests.swift in Sources */,
			);
			runOnlyForDeploymentPostprocessing = 0;
		};
/* End PBXSourcesBuildPhase section */

/* Begin PBXTargetDependency section */
		84DBFE662060D555006D6925 /* PBXTargetDependency */ = {
			isa = PBXTargetDependency;
			target = 84DBFE4F2060D555006D6925 /* Deinitialization */;
			targetProxy = 84DBFE652060D555006D6925 /* PBXContainerItemProxy */;
		};
		84DBFE712060D555006D6925 /* PBXTargetDependency */ = {
			isa = PBXTargetDependency;
			target = 84DBFE4F2060D555006D6925 /* Deinitialization */;
			targetProxy = 84DBFE702060D555006D6925 /* PBXContainerItemProxy */;
		};
/* End PBXTargetDependency section */

/* Begin PBXVariantGroup section */
		84DBFE572060D555006D6925 /* Main.storyboard */ = {
			isa = PBXVariantGroup;
			children = (
				84DBFE582060D555006D6925 /* Base */,
			);
			name = Main.storyboard;
			sourceTree = "<group>";
		};
		84DBFE5C2060D555006D6925 /* LaunchScreen.storyboard */ = {
			isa = PBXVariantGroup;
			children = (
				84DBFE5D2060D555006D6925 /* Base */,
			);
			name = LaunchScreen.storyboard;
			sourceTree = "<group>";
		};
/* End PBXVariantGroup section */

/* Begin XCBuildConfiguration section */
		84DBFE762060D555006D6925 /* Debug */ = {
			isa = XCBuildConfiguration;
			buildSettings = {
				ALWAYS_SEARCH_USER_PATHS = NO;
				CLANG_ANALYZER_NONNULL = YES;
				CLANG_ANALYZER_NUMBER_OBJECT_CONVERSION = YES_AGGRESSIVE;
				CLANG_CXX_LANGUAGE_STANDARD = "gnu++14";
				CLANG_CXX_LIBRARY = "libc++";
				CLANG_ENABLE_MODULES = YES;
				CLANG_ENABLE_OBJC_ARC = YES;
				CLANG_WARN_BLOCK_CAPTURE_AUTORELEASING = YES;
				CLANG_WARN_BOOL_CONVERSION = YES;
				CLANG_WARN_COMMA = YES;
				CLANG_WARN_CONSTANT_CONVERSION = YES;
				CLANG_WARN_DIRECT_OBJC_ISA_USAGE = YES_ERROR;
				CLANG_WARN_DOCUMENTATION_COMMENTS = YES;
				CLANG_WARN_EMPTY_BODY = YES;
				CLANG_WARN_ENUM_CONVERSION = YES;
				CLANG_WARN_INFINITE_RECURSION = YES;
				CLANG_WARN_INT_CONVERSION = YES;
				CLANG_WARN_NON_LITERAL_NULL_CONVERSION = YES;
				CLANG_WARN_OBJC_LITERAL_CONVERSION = YES;
				CLANG_WARN_OBJC_ROOT_CLASS = YES_ERROR;
				CLANG_WARN_RANGE_LOOP_ANALYSIS = YES;
				CLANG_WARN_STRICT_PROTOTYPES = YES;
				CLANG_WARN_SUSPICIOUS_MOVE = YES;
				CLANG_WARN_UNGUARDED_AVAILABILITY = YES_AGGRESSIVE;
				CLANG_WARN_UNREACHABLE_CODE = YES;
				CLANG_WARN__DUPLICATE_METHOD_MATCH = YES;
				CODE_SIGN_IDENTITY = "iPhone Developer";
				COPY_PHASE_STRIP = NO;
				DEBUG_INFORMATION_FORMAT = dwarf;
				ENABLE_STRICT_OBJC_MSGSEND = YES;
				ENABLE_TESTABILITY = YES;
				GCC_C_LANGUAGE_STANDARD = gnu11;
				GCC_DYNAMIC_NO_PIC = NO;
				GCC_NO_COMMON_BLOCKS = YES;
				GCC_OPTIMIZATION_LEVEL = 0;
				GCC_PREPROCESSOR_DEFINITIONS = (
					"DEBUG=1",
					"$(inherited)",
				);
				GCC_WARN_64_TO_32_BIT_CONVERSION = YES;
				GCC_WARN_ABOUT_RETURN_TYPE = YES_ERROR;
				GCC_WARN_UNDECLARED_SELECTOR = YES;
				GCC_WARN_UNINITIALIZED_AUTOS = YES_AGGRESSIVE;
				GCC_WARN_UNUSED_FUNCTION = YES;
				GCC_WARN_UNUSED_VARIABLE = YES;
				IPHONEOS_DEPLOYMENT_TARGET = 11.2;
				MTL_ENABLE_DEBUG_INFO = YES;
				ONLY_ACTIVE_ARCH = YES;
				SDKROOT = iphoneos;
				SWIFT_ACTIVE_COMPILATION_CONDITIONS = DEBUG;
				SWIFT_OPTIMIZATION_LEVEL = "-Onone";
			};
			name = Debug;
		};
		84DBFE772060D555006D6925 /* Release */ = {
			isa = XCBuildConfiguration;
			buildSettings = {
				ALWAYS_SEARCH_USER_PATHS = NO;
				CLANG_ANALYZER_NONNULL = YES;
				CLANG_ANALYZER_NUMBER_OBJECT_CONVERSION = YES_AGGRESSIVE;
				CLANG_CXX_LANGUAGE_STANDARD = "gnu++14";
				CLANG_CXX_LIBRARY = "libc++";
				CLANG_ENABLE_MODULES = YES;
				CLANG_ENABLE_OBJC_ARC = YES;
				CLANG_WARN_BLOCK_CAPTURE_AUTORELEASING = YES;
				CLANG_WARN_BOOL_CONVERSION = YES;
				CLANG_WARN_COMMA = YES;
				CLANG_WARN_CONSTANT_CONVERSION = YES;
				CLANG_WARN_DIRECT_OBJC_ISA_USAGE = YES_ERROR;
				CLANG_WARN_DOCUMENTATION_COMMENTS = YES;
				CLANG_WARN_EMPTY_BODY = YES;
				CLANG_WARN_ENUM_CONVERSION = YES;
				CLANG_WARN_INFINITE_RECURSION = YES;
				CLANG_WARN_INT_CONVERSION = YES;
				CLANG_WARN_NON_LITERAL_NULL_CONVERSION = YES;
				CLANG_WARN_OBJC_LITERAL_CONVERSION = YES;
				CLANG_WARN_OBJC_ROOT_CLASS = YES_ERROR;
				CLANG_WARN_RANGE_LOOP_ANALYSIS = YES;
				CLANG_WARN_STRICT_PROTOTYPES = YES;
				CLANG_WARN_SUSPICIOUS_MOVE = YES;
				CLANG_WARN_UNGUARDED_AVAILABILITY = YES_AGGRESSIVE;
				CLANG_WARN_UNREACHABLE_CODE = YES;
				CLANG_WARN__DUPLICATE_METHOD_MATCH = YES;
				CODE_SIGN_IDENTITY = "iPhone Developer";
				COPY_PHASE_STRIP = NO;
				DEBUG_INFORMATION_FORMAT = "dwarf-with-dsym";
				ENABLE_NS_ASSERTIONS = NO;
				ENABLE_STRICT_OBJC_MSGSEND = YES;
				GCC_C_LANGUAGE_STANDARD = gnu11;
				GCC_NO_COMMON_BLOCKS = YES;
				GCC_WARN_64_TO_32_BIT_CONVERSION = YES;
				GCC_WARN_ABOUT_RETURN_TYPE = YES_ERROR;
				GCC_WARN_UNDECLARED_SELECTOR = YES;
				GCC_WARN_UNINITIALIZED_AUTOS = YES_AGGRESSIVE;
				GCC_WARN_UNUSED_FUNCTION = YES;
				GCC_WARN_UNUSED_VARIABLE = YES;
				IPHONEOS_DEPLOYMENT_TARGET = 11.2;
				MTL_ENABLE_DEBUG_INFO = NO;
				SDKROOT = iphoneos;
				SWIFT_OPTIMIZATION_LEVEL = "-Owholemodule";
				VALIDATE_PRODUCT = YES;
			};
			name = Release;
		};
		84DBFE792060D555006D6925 /* Debug */ = {
			isa = XCBuildConfiguration;
			buildSettings = {
				ASSETCATALOG_COMPILER_APPICON_NAME = AppIcon;
				CODE_SIGN_STYLE = Automatic;
				DEVELOPMENT_TEAM = K4G3H73MPD;
				INFOPLIST_FILE = Deinitialization/Info.plist;
				LD_RUNPATH_SEARCH_PATHS = "$(inherited) @executable_path/Frameworks";
				PRODUCT_BUNDLE_IDENTIFIER = zywlw.Deinitialization;
				PRODUCT_NAME = "$(TARGET_NAME)";
				SWIFT_VERSION = 4.0;
				TARGETED_DEVICE_FAMILY = "1,2";
			};
			name = Debug;
		};
		84DBFE7A2060D555006D6925 /* Release */ = {
			isa = XCBuildConfiguration;
			buildSettings = {
				ASSETCATALOG_COMPILER_APPICON_NAME = AppIcon;
				CODE_SIGN_STYLE = Automatic;
				DEVELOPMENT_TEAM = K4G3H73MPD;
				INFOPLIST_FILE = Deinitialization/Info.plist;
				LD_RUNPATH_SEARCH_PATHS = "$(inherited) @executable_path/Frameworks";
				PRODUCT_BUNDLE_IDENTIFIER = zywlw.Deinitialization;
				PRODUCT_NAME = "$(TARGET_NAME)";
				SWIFT_VERSION = 4.0;
				TARGETED_DEVICE_FAMILY = "1,2";
			};
			name = Release;
		};
		84DBFE7C2060D555006D6925 /* Debug */ = {
			isa = XCBuildConfiguration;
			buildSettings = {
				ALWAYS_EMBED_SWIFT_STANDARD_LIBRARIES = YES;
				BUNDLE_LOADER = "$(TEST_HOST)";
				CODE_SIGN_STYLE = Automatic;
				DEVELOPMENT_TEAM = K4G3H73MPD;
				INFOPLIST_FILE = DeinitializationTests/Info.plist;
				LD_RUNPATH_SEARCH_PATHS = "$(inherited) @executable_path/Frameworks @loader_path/Frameworks";
				PRODUCT_BUNDLE_IDENTIFIER = zywlw.DeinitializationTests;
				PRODUCT_NAME = "$(TARGET_NAME)";
				SWIFT_VERSION = 4.0;
				TARGETED_DEVICE_FAMILY = "1,2";
				TEST_HOST = "$(BUILT_PRODUCTS_DIR)/Deinitialization.app/Deinitialization";
			};
			name = Debug;
		};
		84DBFE7D2060D555006D6925 /* Release */ = {
			isa = XCBuildConfiguration;
			buildSettings = {
				ALWAYS_EMBED_SWIFT_STANDARD_LIBRARIES = YES;
				BUNDLE_LOADER = "$(TEST_HOST)";
				CODE_SIGN_STYLE = Automatic;
				DEVELOPMENT_TEAM = K4G3H73MPD;
				INFOPLIST_FILE = DeinitializationTests/Info.plist;
				LD_RUNPATH_SEARCH_PATHS = "$(inherited) @executable_path/Frameworks @loader_path/Frameworks";
				PRODUCT_BUNDLE_IDENTIFIER = zywlw.DeinitializationTests;
				PRODUCT_NAME = "$(TARGET_NAME)";
				SWIFT_VERSION = 4.0;
				TARGETED_DEVICE_FAMILY = "1,2";
				TEST_HOST = "$(BUILT_PRODUCTS_DIR)/Deinitialization.app/Deinitialization";
			};
			name = Release;
		};
		84DBFE7F2060D555006D6925 /* Debug */ = {
			isa = XCBuildConfiguration;
			buildSettings = {
				ALWAYS_EMBED_SWIFT_STANDARD_LIBRARIES = YES;
				CODE_SIGN_STYLE = Automatic;
				DEVELOPMENT_TEAM = K4G3H73MPD;
				INFOPLIST_FILE = DeinitializationUITests/Info.plist;
				LD_RUNPATH_SEARCH_PATHS = "$(inherited) @executable_path/Frameworks @loader_path/Frameworks";
				PRODUCT_BUNDLE_IDENTIFIER = zywlw.DeinitializationUITests;
				PRODUCT_NAME = "$(TARGET_NAME)";
				SWIFT_VERSION = 4.0;
				TARGETED_DEVICE_FAMILY = "1,2";
				TEST_TARGET_NAME = Deinitialization;
			};
			name = Debug;
		};
		84DBFE802060D555006D6925 /* Release */ = {
			isa = XCBuildConfiguration;
			buildSettings = {
				ALWAYS_EMBED_SWIFT_STANDARD_LIBRARIES = YES;
				CODE_SIGN_STYLE = Automatic;
				DEVELOPMENT_TEAM = K4G3H73MPD;
				INFOPLIST_FILE = DeinitializationUITests/Info.plist;
				LD_RUNPATH_SEARCH_PATHS = "$(inherited) @executable_path/Frameworks @loader_path/Frameworks";
				PRODUCT_BUNDLE_IDENTIFIER = zywlw.DeinitializationUITests;
				PRODUCT_NAME = "$(TARGET_NAME)";
				SWIFT_VERSION = 4.0;
				TARGETED_DEVICE_FAMILY = "1,2";
				TEST_TARGET_NAME = Deinitialization;
			};
			name = Release;
		};
/* End XCBuildConfiguration section */

/* Begin XCConfigurationList section */
		84DBFE4B2060D555006D6925 /* Build configuration list for PBXProject "Deinitialization" */ = {
			isa = XCConfigurationList;
			buildConfigurations = (
				84DBFE762060D555006D6925 /* Debug */,
				84DBFE772060D555006D6925 /* Release */,
			);
			defaultConfigurationIsVisible = 0;
			defaultConfigurationName = Release;
		};
		84DBFE782060D555006D6925 /* Build configuration list for PBXNativeTarget "Deinitialization" */ = {
			isa = XCConfigurationList;
			buildConfigurations = (
				84DBFE792060D555006D6925 /* Debug */,
				84DBFE7A2060D555006D6925 /* Release */,
			);
			defaultConfigurationIsVisible = 0;
			defaultConfigurationName = Release;
		};
		84DBFE7B2060D555006D6925 /* Build configuration list for PBXNativeTarget "DeinitializationTests" */ = {
			isa = XCConfigurationList;
			buildConfigurations = (
				84DBFE7C2060D555006D6925 /* Debug */,
				84DBFE7D2060D555006D6925 /* Release */,
			);
			defaultConfigurationIsVisible = 0;
			defaultConfigurationName = Release;
		};
		84DBFE7E2060D555006D6925 /* Build configuration list for PBXNativeTarget "DeinitializationUITests" */ = {
			isa = XCConfigurationList;
			buildConfigurations = (
				84DBFE7F2060D555006D6925 /* Debug */,
				84DBFE802060D555006D6925 /* Release */,
			);
			defaultConfigurationIsVisible = 0;
			defaultConfigurationName = Release;
		};
/* End XCConfigurationList section */
	};
	rootObject = 84DBFE482060D555006D6925 /* Project object */;
}
