// !$*UTF8*$!
{
	archiveVersion = 1;
	classes = {
	};
	objectVersion = 46;
	objects = {

/* Begin PBXBuildFile section */
		347D05261BEB17D30099667F /* main.m in Sources */ = {isa = PBXBuildFile; fileRef = 347D05251BEB17D30099667F /* main.m */; };
		347D05291BEB17D30099667F /* AppDelegate.m in Sources */ = {isa = PBXBuildFile; fileRef = 347D05281BEB17D30099667F /* AppDelegate.m */; };
		347D052B1BEB17D30099667F /* Images.xcassets in Resources */ = {isa = PBXBuildFile; fileRef = 347D052A1BEB17D30099667F /* Images.xcassets */; };
		347D052E1BEB17D30099667F /* LaunchScreen.xib in Resources */ = {isa = PBXBuildFile; fileRef = 347D052C1BEB17D30099667F /* LaunchScreen.xib */; };
		347D053A1BEB17D30099667F /* LessonResponserChainTests.m in Sources */ = {isa = PBXBuildFile; fileRef = 347D05391BEB17D30099667F /* LessonResponserChainTests.m */; };
		347D054B1BEB19830099667F /* RootViewController.m in Sources */ = {isa = PBXBuildFile; fileRef = 347D054A1BEB19830099667F /* RootViewController.m */; };
		347D054E1BEB4B760099667F /* ResponderView.m in Sources */ = {isa = PBXBuildFile; fileRef = 347D054D1BEB4B760099667F /* ResponderView.m */; };
/* End PBXBuildFile section */

/* Begin PBXContainerItemProxy section */
		347D05341BEB17D30099667F /* PBXContainerItemProxy */ = {
			isa = PBXContainerItemProxy;
			containerPortal = 347D05181BEB17D30099667F /* Project object */;
			proxyType = 1;
			remoteGlobalIDString = 347D051F1BEB17D30099667F;
			remoteInfo = LessonResponserChain;
		};
/* End PBXContainerItemProxy section */

/* Begin PBXFileReference section */
		347D05201BEB17D30099667F /* LessonResponserChain.app */ = {isa = PBXFileReference; explicitFileType = wrapper.application; includeInIndex = 0; path = LessonResponserChain.app; sourceTree = BUILT_PRODUCTS_DIR; };
		347D05241BEB17D30099667F /* Info.plist */ = {isa = PBXFileReference; lastKnownFileType = text.plist.xml; path = Info.plist; sourceTree = "<group>"; };
		347D05251BEB17D30099667F /* main.m */ = {isa = PBXFileReference; lastKnownFileType = sourcecode.c.objc; path = main.m; sourceTree = "<group>"; };
		347D05271BEB17D30099667F /* AppDelegate.h */ = {isa = PBXFileReference; lastKnownFileType = sourcecode.c.h; path = AppDelegate.h; sourceTree = "<group>"; };
		347D05281BEB17D30099667F /* AppDelegate.m */ = {isa = PBXFileReference; lastKnownFileType = sourcecode.c.objc; path = AppDelegate.m; sourceTree = "<group>"; };
		347D052A1BEB17D30099667F /* Images.xcassets */ = {isa = PBXFileReference; lastKnownFileType = folder.assetcatalog; path = Images.xcassets; sourceTree = "<group>"; };
		347D052D1BEB17D30099667F /* Base */ = {isa = PBXFileReference; lastKnownFileType = file.xib; name = Base; path = Base.lproj/LaunchScreen.xib; sourceTree = "<group>"; };
		347D05331BEB17D30099667F /* LessonResponserChainTests.xctest */ = {isa = PBXFileReference; explicitFileType = wrapper.cfbundle; includeInIndex = 0; path = LessonResponserChainTests.xctest; sourceTree = BUILT_PRODUCTS_DIR; };
		347D05381BEB17D30099667F /* Info.plist */ = {isa = PBXFileReference; lastKnownFileType = text.plist.xml; path = Info.plist; sourceTree = "<group>"; };
		347D05391BEB17D30099667F /* LessonResponserChainTests.m */ = {isa = PBXFileReference; lastKnownFileType = sourcecode.c.objc; path = LessonResponserChainTests.m; sourceTree = "<group>"; };
		347D05491BEB19830099667F /* RootViewController.h */ = {isa = PBXFileReference; fileEncoding = 4; lastKnownFileType = sourcecode.c.h; path = RootViewController.h; sourceTree = "<group>"; };
		347D054A1BEB19830099667F /* RootViewController.m */ = {isa = PBXFileReference; fileEncoding = 4; lastKnownFileType = sourcecode.c.objc; path = RootViewController.m; sourceTree = "<group>"; };
		347D054C1BEB4B760099667F /* ResponderView.h */ = {isa = PBXFileReference; fileEncoding = 4; lastKnownFileType = sourcecode.c.h; path = ResponderView.h; sourceTree = "<group>"; };
		347D054D1BEB4B760099667F /* ResponderView.m */ = {isa = PBXFileReference; fileEncoding = 4; lastKnownFileType = sourcecode.c.objc; path = ResponderView.m; sourceTree = "<group>"; };
/* End PBXFileReference section */

/* Begin PBXFrameworksBuildPhase section */
		347D051D1BEB17D30099667F /* Frameworks */ = {
			isa = PBXFrameworksBuildPhase;
			buildActionMask = 2147483647;
			files = (
			);
			runOnlyForDeploymentPostprocessing = 0;
		};
		347D05301BEB17D30099667F /* Frameworks */ = {
			isa = PBXFrameworksBuildPhase;
			buildActionMask = 2147483647;
			files = (
			);
			runOnlyForDeploymentPostprocessing = 0;
		};
/* End PBXFrameworksBuildPhase section */

/* Begin PBXGroup section */
		347D05171BEB17D30099667F = {
			isa = PBXGroup;
			children = (
				347D05221BEB17D30099667F /* LessonResponserChain */,
				347D05361BEB17D30099667F /* LessonResponserChainTests */,
				347D05211BEB17D30099667F /* Products */,
			);
			sourceTree = "<group>";
		};
		347D05211BEB17D30099667F /* Products */ = {
			isa = PBXGroup;
			children = (
				347D05201BEB17D30099667F /* LessonResponserChain.app */,
				347D05331BEB17D30099667F /* LessonResponserChainTests.xctest */,
			);
			name = Products;
			sourceTree = "<group>";
		};
		347D05221BEB17D30099667F /* LessonResponserChain */ = {
			isa = PBXGroup;
			children = (
				347D05271BEB17D30099667F /* AppDelegate.h */,
				347D05281BEB17D30099667F /* AppDelegate.m */,
				347D05491BEB19830099667F /* RootViewController.h */,
				347D054A1BEB19830099667F /* RootViewController.m */,
				347D054C1BEB4B760099667F /* ResponderView.h */,
				347D054D1BEB4B760099667F /* ResponderView.m */,
				347D052A1BEB17D30099667F /* Images.xcassets */,
				347D052C1BEB17D30099667F /* LaunchScreen.xib */,
				347D05231BEB17D30099667F /* Supporting Files */,
			);
			path = LessonResponserChain;
			sourceTree = "<group>";
		};
		347D05231BEB17D30099667F /* Supporting Files */ = {
			isa = PBXGroup;
			children = (
				347D05241BEB17D30099667F /* Info.plist */,
				347D05251BEB17D30099667F /* main.m */,
			);
			name = "Supporting Files";
			sourceTree = "<group>";
		};
		347D05361BEB17D30099667F /* LessonResponserChainTests */ = {
			isa = PBXGroup;
			children = (
				347D05391BEB17D30099667F /* LessonResponserChainTests.m */,
				347D05371BEB17D30099667F /* Supporting Files */,
			);
			path = LessonResponserChainTests;
			sourceTree = "<group>";
		};
		347D05371BEB17D30099667F /* Supporting Files */ = {
			isa = PBXGroup;
			children = (
				347D05381BEB17D30099667F /* Info.plist */,
			);
			name = "Supporting Files";
			sourceTree = "<group>";
		};
/* End PBXGroup section */

/* Begin PBXNativeTarget section */
		347D051F1BEB17D30099667F /* LessonResponserChain */ = {
			isa = PBXNativeTarget;
			buildConfigurationList = 347D053D1BEB17D30099667F /* Build configuration list for PBXNativeTarget "LessonResponserChain" */;
			buildPhases = (
				347D051C1BEB17D30099667F /* Sources */,
				347D051D1BEB17D30099667F /* Frameworks */,
				347D051E1BEB17D30099667F /* Resources */,
			);
			buildRules = (
			);
			dependencies = (
			);
			name = LessonResponserChain;
			productName = LessonResponserChain;
			productReference = 347D05201BEB17D30099667F /* LessonResponserChain.app */;
			productType = "com.apple.product-type.application";
		};
		347D05321BEB17D30099667F /* LessonResponserChainTests */ = {
			isa = PBXNativeTarget;
			buildConfigurationList = 347D05401BEB17D30099667F /* Build configuration list for PBXNativeTarget "LessonResponserChainTests" */;
			buildPhases = (
				347D052F1BEB17D30099667F /* Sources */,
				347D05301BEB17D30099667F /* Frameworks */,
				347D05311BEB17D30099667F /* Resources */,
			);
			buildRules = (
			);
			dependencies = (
				347D05351BEB17D30099667F /* PBXTargetDependency */,
			);
			name = LessonResponserChainTests;
			productName = LessonResponserChainTests;
			productReference = 347D05331BEB17D30099667F /* LessonResponserChainTests.xctest */;
			productType = "com.apple.product-type.bundle.unit-test";
		};
/* End PBXNativeTarget section */

/* Begin PBXProject section */
		347D05181BEB17D30099667F /* Project object */ = {
			isa = PBXProject;
			attributes = {
				LastUpgradeCheck = 0640;
				ORGANIZATIONNAME = lanouhn;
				TargetAttributes = {
					347D051F1BEB17D30099667F = {
						CreatedOnToolsVersion = 6.4;
					};
					347D05321BEB17D30099667F = {
						CreatedOnToolsVersion = 6.4;
						TestTargetID = 347D051F1BEB17D30099667F;
					};
				};
			};
			buildConfigurationList = 347D051B1BEB17D30099667F /* Build configuration list for PBXProject "LessonResponserChain" */;
			compatibilityVersion = "Xcode 3.2";
			developmentRegion = English;
			hasScannedForEncodings = 0;
			knownRegions = (
				en,
				Base,
			);
			mainGroup = 347D05171BEB17D30099667F;
			productRefGroup = 347D05211BEB17D30099667F /* Products */;
			projectDirPath = "";
			projectRoot = "";
			targets = (
				347D051F1BEB17D30099667F /* LessonResponserChain */,
				347D05321BEB17D30099667F /* LessonResponserChainTests */,
			);
		};
/* End PBXProject section */

/* Begin PBXResourcesBuildPhase section */
		347D051E1BEB17D30099667F /* Resources */ = {
			isa = PBXResourcesBuildPhase;
			buildActionMask = 2147483647;
			files = (
				347D052E1BEB17D30099667F /* LaunchScreen.xib in Resources */,
				347D052B1BEB17D30099667F /* Images.xcassets in Resources */,
			);
			runOnlyForDeploymentPostprocessing = 0;
		};
		347D05311BEB17D30099667F /* Resources */ = {
			isa = PBXResourcesBuildPhase;
			buildActionMask = 2147483647;
			files = (
			);
			runOnlyForDeploymentPostprocessing = 0;
		};
/* End PBXResourcesBuildPhase section */

/* Begin PBXSourcesBuildPhase section */
		347D051C1BEB17D30099667F /* Sources */ = {
			isa = PBXSourcesBuildPhase;
			buildActionMask = 2147483647;
			files = (
				347D05291BEB17D30099667F /* AppDelegate.m in Sources */,
				347D05261BEB17D30099667F /* main.m in Sources */,
				347D054B1BEB19830099667F /* RootViewController.m in Sources */,
				347D054E1BEB4B760099667F /* ResponderView.m in Sources */,
			);
			runOnlyForDeploymentPostprocessing = 0;
		};
		347D052F1BEB17D30099667F /* Sources */ = {
			isa = PBXSourcesBuildPhase;
			buildActionMask = 2147483647;
			files = (
				347D053A1BEB17D30099667F /* LessonResponserChainTests.m in Sources */,
			);
			runOnlyForDeploymentPostprocessing = 0;
		};
/* End PBXSourcesBuildPhase section */

/* Begin PBXTargetDependency section */
		347D05351BEB17D30099667F /* PBXTargetDependency */ = {
			isa = PBXTargetDependency;
			target = 347D051F1BEB17D30099667F /* LessonResponserChain */;
			targetProxy = 347D05341BEB17D30099667F /* PBXContainerItemProxy */;
		};
/* End PBXTargetDependency section */

/* Begin PBXVariantGroup section */
		347D052C1BEB17D30099667F /* LaunchScreen.xib */ = {
			isa = PBXVariantGroup;
			children = (
				347D052D1BEB17D30099667F /* Base */,
			);
			name = LaunchScreen.xib;
			sourceTree = "<group>";
		};
/* End PBXVariantGroup section */

/* Begin XCBuildConfiguration section */
		347D053B1BEB17D30099667F /* Debug */ = {
			isa = XCBuildConfiguration;
			buildSettings = {
				ALWAYS_SEARCH_USER_PATHS = NO;
				CLANG_CXX_LANGUAGE_STANDARD = "gnu++0x";
				CLANG_CXX_LIBRARY = "libc++";
				CLANG_ENABLE_MODULES = YES;
				CLANG_ENABLE_OBJC_ARC = YES;
				CLANG_WARN_BOOL_CONVERSION = YES;
				CLANG_WARN_CONSTANT_CONVERSION = YES;
				CLANG_WARN_DIRECT_OBJC_ISA_USAGE = YES_ERROR;
				CLANG_WARN_EMPTY_BODY = YES;
				CLANG_WARN_ENUM_CONVERSION = YES;
				CLANG_WARN_INT_CONVERSION = YES;
				CLANG_WARN_OBJC_ROOT_CLASS = YES_ERROR;
				CLANG_WARN_UNREACHABLE_CODE = YES;
				CLANG_WARN__DUPLICATE_METHOD_MATCH = YES;
				"CODE_SIGN_IDENTITY[sdk=iphoneos*]" = "iPhone Developer";
				COPY_PHASE_STRIP = NO;
				DEBUG_INFORMATION_FORMAT = "dwarf-with-dsym";
				ENABLE_STRICT_OBJC_MSGSEND = YES;
				GCC_C_LANGUAGE_STANDARD = gnu99;
				GCC_DYNAMIC_NO_PIC = NO;
				GCC_NO_COMMON_BLOCKS = YES;
				GCC_OPTIMIZATION_LEVEL = 0;
				GCC_PREPROCESSOR_DEFINITIONS = (
					"DEBUG=1",
					"$(inherited)",
				);
				GCC_SYMBOLS_PRIVATE_EXTERN = NO;
				GCC_WARN_64_TO_32_BIT_CONVERSION = YES;
				GCC_WARN_ABOUT_RETURN_TYPE = YES_ERROR;
				GCC_WARN_UNDECLARED_SELECTOR = YES;
				GCC_WARN_UNINITIALIZED_AUTOS = YES_AGGRESSIVE;
				GCC_WARN_UNUSED_FUNCTION = YES;
				GCC_WARN_UNUSED_VARIABLE = YES;
				IPHONEOS_DEPLOYMENT_TARGET = 8.4;
				MTL_ENABLE_DEBUG_INFO = YES;
				ONLY_ACTIVE_ARCH = YES;
				SDKROOT = iphoneos;
			};
			name = Debug;
		};
		347D053C1BEB17D30099667F /* Release */ = {
			isa = XCBuildConfiguration;
			buildSettings = {
				ALWAYS_SEARCH_USER_PATHS = NO;
				CLANG_CXX_LANGUAGE_STANDARD = "gnu++0x";
				CLANG_CXX_LIBRARY = "libc++";
				CLANG_ENABLE_MODULES = YES;
				CLANG_ENABLE_OBJC_ARC = YES;
				CLANG_WARN_BOOL_CONVERSION = YES;
				CLANG_WARN_CONSTANT_CONVERSION = YES;
				CLANG_WARN_DIRECT_OBJC_ISA_USAGE = YES_ERROR;
				CLANG_WARN_EMPTY_BODY = YES;
				CLANG_WARN_ENUM_CONVERSION = YES;
				CLANG_WARN_INT_CONVERSION = YES;
				CLANG_WARN_OBJC_ROOT_CLASS = YES_ERROR;
				CLANG_WARN_UNREACHABLE_CODE = YES;
				CLANG_WARN__DUPLICATE_METHOD_MATCH = YES;
				"CODE_SIGN_IDENTITY[sdk=iphoneos*]" = "iPhone Developer";
				COPY_PHASE_STRIP = NO;
				DEBUG_INFORMATION_FORMAT = "dwarf-with-dsym";
				ENABLE_NS_ASSERTIONS = NO;
				ENABLE_STRICT_OBJC_MSGSEND = YES;
				GCC_C_LANGUAGE_STANDARD = gnu99;
				GCC_NO_COMMON_BLOCKS = YES;
				GCC_WARN_64_TO_32_BIT_CONVERSION = YES;
				GCC_WARN_ABOUT_RETURN_TYPE = YES_ERROR;
				GCC_WARN_UNDECLARED_SELECTOR = YES;
				GCC_WARN_UNINITIALIZED_AUTOS = YES_AGGRESSIVE;
				GCC_WARN_UNUSED_FUNCTION = YES;
				GCC_WARN_UNUSED_VARIABLE = YES;
				IPHONEOS_DEPLOYMENT_TARGET = 8.4;
				MTL_ENABLE_DEBUG_INFO = NO;
				SDKROOT = iphoneos;
				VALIDATE_PRODUCT = YES;
			};
			name = Release;
		};
		347D053E1BEB17D30099667F /* Debug */ = {
			isa = XCBuildConfiguration;
			buildSettings = {
				ASSETCATALOG_COMPILER_APPICON_NAME = AppIcon;
				CLANG_ENABLE_OBJC_ARC = NO;
				INFOPLIST_FILE = LessonResponserChain/Info.plist;
				LD_RUNPATH_SEARCH_PATHS = "$(inherited) @executable_path/Frameworks";
				PRODUCT_NAME = "$(TARGET_NAME)";
			};
			name = Debug;
		};
		347D053F1BEB17D30099667F /* Release */ = {
			isa = XCBuildConfiguration;
			buildSettings = {
				ASSETCATALOG_COMPILER_APPICON_NAME = AppIcon;
				CLANG_ENABLE_OBJC_ARC = NO;
				INFOPLIST_FILE = LessonResponserChain/Info.plist;
				LD_RUNPATH_SEARCH_PATHS = "$(inherited) @executable_path/Frameworks";
				PRODUCT_NAME = "$(TARGET_NAME)";
			};
			name = Release;
		};
		347D05411BEB17D30099667F /* Debug */ = {
			isa = XCBuildConfiguration;
			buildSettings = {
				BUNDLE_LOADER = "$(TEST_HOST)";
				FRAMEWORK_SEARCH_PATHS = (
					"$(SDKROOT)/Developer/Library/Frameworks",
					"$(inherited)",
				);
				GCC_PREPROCESSOR_DEFINITIONS = (
					"DEBUG=1",
					"$(inherited)",
				);
				INFOPLIST_FILE = LessonResponserChainTests/Info.plist;
				LD_RUNPATH_SEARCH_PATHS = "$(inherited) @executable_path/Frameworks @loader_path/Frameworks";
				PRODUCT_NAME = "$(TARGET_NAME)";
				TEST_HOST = "$(BUILT_PRODUCTS_DIR)/LessonResponserChain.app/LessonResponserChain";
			};
			name = Debug;
		};
		347D05421BEB17D30099667F /* Release */ = {
			isa = XCBuildConfiguration;
			buildSettings = {
				BUNDLE_LOADER = "$(TEST_HOST)";
				FRAMEWORK_SEARCH_PATHS = (
					"$(SDKROOT)/Developer/Library/Frameworks",
					"$(inherited)",
				);
				INFOPLIST_FILE = LessonResponserChainTests/Info.plist;
				LD_RUNPATH_SEARCH_PATHS = "$(inherited) @executable_path/Frameworks @loader_path/Frameworks";
				PRODUCT_NAME = "$(TARGET_NAME)";
				TEST_HOST = "$(BUILT_PRODUCTS_DIR)/LessonResponserChain.app/LessonResponserChain";
			};
			name = Release;
		};
/* End XCBuildConfiguration section */

/* Begin XCConfigurationList section */
		347D051B1BEB17D30099667F /* Build configuration list for PBXProject "LessonResponserChain" */ = {
			isa = XCConfigurationList;
			buildConfigurations = (
				347D053B1BEB17D30099667F /* Debug */,
				347D053C1BEB17D30099667F /* Release */,
			);
			defaultConfigurationIsVisible = 0;
			defaultConfigurationName = Release;
		};
		347D053D1BEB17D30099667F /* Build configuration list for PBXNativeTarget "LessonResponserChain" */ = {
			isa = XCConfigurationList;
			buildConfigurations = (
				347D053E1BEB17D30099667F /* Debug */,
				347D053F1BEB17D30099667F /* Release */,
			);
			defaultConfigurationIsVisible = 0;
		};
		347D05401BEB17D30099667F /* Build configuration list for PBXNativeTarget "LessonResponserChainTests" */ = {
			isa = XCConfigurationList;
			buildConfigurations = (
				347D05411BEB17D30099667F /* Debug */,
				347D05421BEB17D30099667F /* Release */,
			);
			defaultConfigurationIsVisible = 0;
		};
/* End XCConfigurationList section */
	};
	rootObject = 347D05181BEB17D30099667F /* Project object */;
}
